// !$*UTF8*$!
{
	archiveVersion = 1;
	classes = {
	};
	objectVersion = 56;
	objects = {

/* Begin PBXBuildFile section */
		170C4D1129BBA94B0086E02B /* SwiftUICoreDataProjectApp.swift in Sources */ = {isa = PBXBuildFile; fileRef = 170C4D1029BBA94B0086E02B /* SwiftUICoreDataProjectApp.swift */; };
		170C4D1329BBA94B0086E02B /* ContentView.swift in Sources */ = {isa = PBXBuildFile; fileRef = 170C4D1229BBA94B0086E02B /* ContentView.swift */; };
		170C4D1529BBA94C0086E02B /* Assets.xcassets in Resources */ = {isa = PBXBuildFile; fileRef = 170C4D1429BBA94C0086E02B /* Assets.xcassets */; };
		170C4D1829BBA94C0086E02B /* Preview Assets.xcassets in Resources */ = {isa = PBXBuildFile; fileRef = 170C4D1729BBA94C0086E02B /* Preview Assets.xcassets */; };
		170C4D1F29BBA9CF0086E02B /* DataController.swift in Sources */ = {isa = PBXBuildFile; fileRef = 170C4D1E29BBA9CF0086E02B /* DataController.swift */; };
		170C4D2229BBAAD50086E02B /* CoreDataProject.xcdatamodeld in Sources */ = {isa = PBXBuildFile; fileRef = 170C4D2029BBAAD50086E02B /* CoreDataProject.xcdatamodeld */; };
		17D4BC8129BCDC8E00C97F9C /* Singer+CoreDataClass.swift in Sources */ = {isa = PBXBuildFile; fileRef = 17D4BC7F29BCDC8E00C97F9C /* Singer+CoreDataClass.swift */; };
		17D4BC8229BCDC8E00C97F9C /* Singer+CoreDataProperties.swift in Sources */ = {isa = PBXBuildFile; fileRef = 17D4BC8029BCDC8E00C97F9C /* Singer+CoreDataProperties.swift */; };
/* End PBXBuildFile section */

/* Begin PBXFileReference section */
		170C4D0D29BBA94B0086E02B /* SwiftUICoreDataProject.app */ = {isa = PBXFileReference; explicitFileType = wrapper.application; includeInIndex = 0; path = SwiftUICoreDataProject.app; sourceTree = BUILT_PRODUCTS_DIR; };
		170C4D1029BBA94B0086E02B /* SwiftUICoreDataProjectApp.swift */ = {isa = PBXFileReference; lastKnownFileType = sourcecode.swift; path = SwiftUICoreDataProjectApp.swift; sourceTree = "<group>"; };
		170C4D1229BBA94B0086E02B /* ContentView.swift */ = {isa = PBXFileReference; lastKnownFileType = sourcecode.swift; path = ContentView.swift; sourceTree = "<group>"; };
		170C4D1429BBA94C0086E02B /* Assets.xcassets */ = {isa = PBXFileReference; lastKnownFileType = folder.assetcatalog; path = Assets.xcassets; sourceTree = "<group>"; };
		170C4D1729BBA94C0086E02B /* Preview Assets.xcassets */ = {isa = PBXFileReference; lastKnownFileType = folder.assetcatalog; path = "Preview Assets.xcassets"; sourceTree = "<group>"; };
		170C4D1E29BBA9CF0086E02B /* DataController.swift */ = {isa = PBXFileReference; lastKnownFileType = sourcecode.swift; path = DataController.swift; sourceTree = "<group>"; };
		170C4D2129BBAAD50086E02B /* CoreDataProject.xcdatamodel */ = {isa = PBXFileReference; lastKnownFileType = wrapper.xcdatamodel; path = CoreDataProject.xcdatamodel; sourceTree = "<group>"; };
		17D4BC7F29BCDC8E00C97F9C /* Singer+CoreDataClass.swift */ = {isa = PBXFileReference; lastKnownFileType = sourcecode.swift; path = "Singer+CoreDataClass.swift"; sourceTree = "<group>"; };
		17D4BC8029BCDC8E00C97F9C /* Singer+CoreDataProperties.swift */ = {isa = PBXFileReference; lastKnownFileType = sourcecode.swift; path = "Singer+CoreDataProperties.swift"; sourceTree = "<group>"; };
/* End PBXFileReference section */

/* Begin PBXFrameworksBuildPhase section */
		170C4D0A29BBA94B0086E02B /* Frameworks */ = {
			isa = PBXFrameworksBuildPhase;
			buildActionMask = 2147483647;
			files = (
			);
			runOnlyForDeploymentPostprocessing = 0;
		};
/* End PBXFrameworksBuildPhase section */

/* Begin PBXGroup section */
		170C4D0429BBA94B0086E02B = {
			isa = PBXGroup;
			children = (
				170C4D0F29BBA94B0086E02B /* SwiftUICoreDataProject */,
				170C4D0E29BBA94B0086E02B /* Products */,
			);
			sourceTree = "<group>";
		};
		170C4D0E29BBA94B0086E02B /* Products */ = {
			isa = PBXGroup;
			children = (
				170C4D0D29BBA94B0086E02B /* SwiftUICoreDataProject.app */,
			);
			name = Products;
			sourceTree = "<group>";
		};
		170C4D0F29BBA94B0086E02B /* SwiftUICoreDataProject */ = {
			isa = PBXGroup;
			children = (
				17D4BC7F29BCDC8E00C97F9C /* Singer+CoreDataClass.swift */,
				17D4BC8029BCDC8E00C97F9C /* Singer+CoreDataProperties.swift */,
				170C4D1029BBA94B0086E02B /* SwiftUICoreDataProjectApp.swift */,
				170C4D1229BBA94B0086E02B /* ContentView.swift */,
				170C4D1E29BBA9CF0086E02B /* DataController.swift */,
				170C4D2029BBAAD50086E02B /* CoreDataProject.xcdatamodeld */,
				170C4D1429BBA94C0086E02B /* Assets.xcassets */,
				170C4D1629BBA94C0086E02B /* Preview Content */,
			);
			path = SwiftUICoreDataProject;
			sourceTree = "<group>";
		};
		170C4D1629BBA94C0086E02B /* Preview Content */ = {
			isa = PBXGroup;
			children = (
				170C4D1729BBA94C0086E02B /* Preview Assets.xcassets */,
			);
			path = "Preview Content";
			sourceTree = "<group>";
		};
/* End PBXGroup section */

/* Begin PBXNativeTarget section */
		170C4D0C29BBA94B0086E02B /* SwiftUICoreDataProject */ = {
			isa = PBXNativeTarget;
			buildConfigurationList = 170C4D1B29BBA94C0086E02B /* Build configuration list for PBXNativeTarget "SwiftUICoreDataProject" */;
			buildPhases = (
				170C4D0929BBA94B0086E02B /* Sources */,
				170C4D0A29BBA94B0086E02B /* Frameworks */,
				170C4D0B29BBA94B0086E02B /* Resources */,
			);
			buildRules = (
			);
			dependencies = (
			);
			name = SwiftUICoreDataProject;
			productName = SwiftUICoreDataProject;
			productReference = 170C4D0D29BBA94B0086E02B /* SwiftUICoreDataProject.app */;
			productType = "com.apple.product-type.application";
		};
/* End PBXNativeTarget section */

/* Begin PBXProject section */
		170C4D0529BBA94B0086E02B /* Project object */ = {
			isa = PBXProject;
			attributes = {
				BuildIndependentTargetsInParallel = 1;
				LastSwiftUpdateCheck = 1410;
				LastUpgradeCheck = 1410;
				TargetAttributes = {
					170C4D0C29BBA94B0086E02B = {
						CreatedOnToolsVersion = 14.1;
					};
				};
			};
			buildConfigurationList = 170C4D0829BBA94B0086E02B /* Build configuration list for PBXProject "SwiftUICoreDataProject" */;
			compatibilityVersion = "Xcode 14.0";
			developmentRegion = en;
			hasScannedForEncodings = 0;
			knownRegions = (
				en,
				Base,
			);
			mainGroup = 170C4D0429BBA94B0086E02B;
			productRefGroup = 170C4D0E29BBA94B0086E02B /* Products */;
			projectDirPath = "";
			projectRoot = "";
			targets = (
				170C4D0C29BBA94B0086E02B /* SwiftUICoreDataProject */,
			);
		};
/* End PBXProject section */

/* Begin PBXResourcesBuildPhase section */
		170C4D0B29BBA94B0086E02B /* Resources */ = {
			isa = PBXResourcesBuildPhase;
			buildActionMask = 2147483647;
			files = (
				170C4D1829BBA94C0086E02B /* Preview Assets.xcassets in Resources */,
				170C4D1529BBA94C0086E02B /* Assets.xcassets in Resources */,
			);
			runOnlyForDeploymentPostprocessing = 0;
		};
/* End PBXResourcesBuildPhase section */

/* Begin PBXSourcesBuildPhase section */
		170C4D0929BBA94B0086E02B /* Sources */ = {
			isa = PBXSourcesBuildPhase;
			buildActionMask = 2147483647;
			files = (
				170C4D1329BBA94B0086E02B /* ContentView.swift in Sources */,
				17D4BC8229BCDC8E00C97F9C /* Singer+CoreDataProperties.swift in Sources */,
				170C4D1F29BBA9CF0086E02B /* DataController.swift in Sources */,
				17D4BC8129BCDC8E00C97F9C /* Singer+CoreDataClass.swift in Sources */,
				170C4D2229BBAAD50086E02B /* CoreDataProject.xcdatamodeld in Sources */,
				170C4D1129BBA94B0086E02B /* SwiftUICoreDataProjectApp.swift in Sources */,
			);
			runOnlyForDeploymentPostprocessing = 0;
		};
/* End PBXSourcesBuildPhase section */

/* Begin XCBuildConfiguration section */
		170C4D1929BBA94C0086E02B /* Debug */ = {
			isa = XCBuildConfiguration;
			buildSettings = {
				ALWAYS_SEARCH_USER_PATHS = NO;
				CLANG_ANALYZER_NONNULL = YES;
				CLANG_ANALYZER_NUMBER_OBJECT_CONVERSION = YES_AGGRESSIVE;
				CLANG_CXX_LANGUAGE_STANDARD = "gnu++20";
				CLANG_ENABLE_MODULES = YES;
				CLANG_ENABLE_OBJC_ARC = YES;
				CLANG_ENABLE_OBJC_WEAK = YES;
				CLANG_WARN_BLOCK_CAPTURE_AUTORELEASING = YES;
				CLANG_WARN_BOOL_CONVERSION = YES;
				CLANG_WARN_COMMA = YES;
				CLANG_WARN_CONSTANT_CONVERSION = YES;
				CLANG_WARN_DEPRECATED_OBJC_IMPLEMENTATIONS = YES;
				CLANG_WARN_DIRECT_OBJC_ISA_USAGE = YES_ERROR;
				CLANG_WARN_DOCUMENTATION_COMMENTS = YES;
				CLANG_WARN_EMPTY_BODY = YES;
				CLANG_WARN_ENUM_CONVERSION = YES;
				CLANG_WARN_INFINITE_RECURSION = YES;
				CLANG_WARN_INT_CONVERSION = YES;
				CLANG_WARN_NON_LITERAL_NULL_CONVERSION = YES;
				CLANG_WARN_OBJC_IMPLICIT_RETAIN_SELF = YES;
				CLANG_WARN_OBJC_LITERAL_CONVERSION = YES;
				CLANG_WARN_OBJC_ROOT_CLASS = YES_ERROR;
				CLANG_WARN_QUOTED_INCLUDE_IN_FRAMEWORK_HEADER = YES;
				CLANG_WARN_RANGE_LOOP_ANALYSIS = YES;
				CLANG_WARN_STRICT_PROTOTYPES = YES;
				CLANG_WARN_SUSPICIOUS_MOVE = YES;
				CLANG_WARN_UNGUARDED_AVAILABILITY = YES_AGGRESSIVE;
				CLANG_WARN_UNREACHABLE_CODE = YES;
				CLANG_WARN__DUPLICATE_METHOD_MATCH = YES;
				COPY_PHASE_STRIP = NO;
				DEBUG_INFORMATION_FORMAT = dwarf;
				ENABLE_STRICT_OBJC_MSGSEND = YES;
				ENABLE_TESTABILITY = YES;
				GCC_C_LANGUAGE_STANDARD = gnu11;
				GCC_DYNAMIC_NO_PIC = NO;
				GCC_NO_COMMON_BLOCKS = YES;
				GCC_OPTIMIZATION_LEVEL = 0;
				GCC_PREPROCESSOR_DEFINITIONS = (
					"DEBUG=1",
					"$(inherited)",
				);
				GCC_WARN_64_TO_32_BIT_CONVERSION = YES;
				GCC_WARN_ABOUT_RETURN_TYPE = YES_ERROR;
				GCC_WARN_UNDECLARED_SELECTOR = YES;
				GCC_WARN_UNINITIALIZED_AUTOS = YES_AGGRESSIVE;
				GCC_WARN_UNUSED_FUNCTION = YES;
				GCC_WARN_UNUSED_VARIABLE = YES;
				IPHONEOS_DEPLOYMENT_TARGET = 16.1;
				MTL_ENABLE_DEBUG_INFO = INCLUDE_SOURCE;
				MTL_FAST_MATH = YES;
				ONLY_ACTIVE_ARCH = YES;
				SDKROOT = iphoneos;
				SWIFT_ACTIVE_COMPILATION_CONDITIONS = DEBUG;
				SWIFT_OPTIMIZATION_LEVEL = "-Onone";
			};
			name = Debug;
		};
		170C4D1A29BBA94C0086E02B /* Release */ = {
			isa = XCBuildConfiguration;
			buildSettings = {
				ALWAYS_SEARCH_USER_PATHS = NO;
				CLANG_ANALYZER_NONNULL = YES;
				CLANG_ANALYZER_NUMBER_OBJECT_CONVERSION = YES_AGGRESSIVE;
				CLANG_CXX_LANGUAGE_STANDARD = "gnu++20";
				CLANG_ENABLE_MODULES = YES;
				CLANG_ENABLE_OBJC_ARC = YES;
				CLANG_ENABLE_OBJC_WEAK = YES;
				CLANG_WARN_BLOCK_CAPTURE_AUTORELEASING = YES;
				CLANG_WARN_BOOL_CONVERSION = YES;
				CLANG_WARN_COMMA = YES;
				CLANG_WARN_CONSTANT_CONVERSION = YES;
				CLANG_WARN_DEPRECATED_OBJC_IMPLEMENTATIONS = YES;
				CLANG_WARN_DIRECT_OBJC_ISA_USAGE = YES_ERROR;
				CLANG_WARN_DOCUMENTATION_COMMENTS = YES;
				CLANG_WARN_EMPTY_BODY = YES;
				CLANG_WARN_ENUM_CONVERSION = YES;
				CLANG_WARN_INFINITE_RECURSION = YES;
				CLANG_WARN_INT_CONVERSION = YES;
				CLANG_WARN_NON_LITERAL_NULL_CONVERSION = YES;
				CLANG_WARN_OBJC_IMPLICIT_RETAIN_SELF = YES;
				CLANG_WARN_OBJC_LITERAL_CONVERSION = YES;
				CLANG_WARN_OBJC_ROOT_CLASS = YES_ERROR;
				CLANG_WARN_QUOTED_INCLUDE_IN_FRAMEWORK_HEADER = YES;
				CLANG_WARN_RANGE_LOOP_ANALYSIS = YES;
				CLANG_WARN_STRICT_PROTOTYPES = YES;
				CLANG_WARN_SUSPICIOUS_MOVE = YES;
				CLANG_WARN_UNGUARDED_AVAILABILITY = YES_AGGRESSIVE;
				CLANG_WARN_UNREACHABLE_CODE = YES;
				CLANG_WARN__DUPLICATE_METHOD_MATCH = YES;
				COPY_PHASE_STRIP = NO;
				DEBUG_INFORMATION_FORMAT = "dwarf-with-dsym";
				ENABLE_NS_ASSERTIONS = NO;
				ENABLE_STRICT_OBJC_MSGSEND = YES;
				GCC_C_LANGUAGE_STANDARD = gnu11;
				GCC_NO_COMMON_BLOCKS = YES;
				GCC_WARN_64_TO_32_BIT_CONVERSION = YES;
				GCC_WARN_ABOUT_RETURN_TYPE = YES_ERROR;
				GCC_WARN_UNDECLARED_SELECTOR = YES;
				GCC_WARN_UNINITIALIZED_AUTOS = YES_AGGRESSIVE;
				GCC_WARN_UNUSED_FUNCTION = YES;
				GCC_WARN_UNUSED_VARIABLE = YES;
				IPHONEOS_DEPLOYMENT_TARGET = 16.1;
				MTL_ENABLE_DEBUG_INFO = NO;
				MTL_FAST_MATH = YES;
				SDKROOT = iphoneos;
				SWIFT_COMPILATION_MODE = wholemodule;
				SWIFT_OPTIMIZATION_LEVEL = "-O";
				VALIDATE_PRODUCT = YES;
			};
			name = Release;
		};
		170C4D1C29BBA94C0086E02B /* Debug */ = {
			isa = XCBuildConfiguration;
			buildSettings = {
				ASSETCATALOG_COMPILER_APPICON_NAME = AppIcon;
				ASSETCATALOG_COMPILER_GLOBAL_ACCENT_COLOR_NAME = AccentColor;
				CODE_SIGN_STYLE = Automatic;
				CURRENT_PROJECT_VERSION = 1;
				DEVELOPMENT_ASSET_PATHS = "\"SwiftUICoreDataProject/Preview Content\"";
				DEVELOPMENT_TEAM = LA9F8MT28T;
				ENABLE_PREVIEWS = YES;
				GENERATE_INFOPLIST_FILE = YES;
				INFOPLIST_KEY_UIApplicationSceneManifest_Generation = YES;
				INFOPLIST_KEY_UIApplicationSupportsIndirectInputEvents = YES;
				INFOPLIST_KEY_UILaunchScreen_Generation = YES;
				INFOPLIST_KEY_UISupportedInterfaceOrientations_iPad = "UIInterfaceOrientationPortrait UIInterfaceOrientationPortraitUpsideDown UIInterfaceOrientationLandscapeLeft UIInterfaceOrientationLandscapeRight";
				INFOPLIST_KEY_UISupportedInterfaceOrientations_iPhone = "UIInterfaceOrientationPortrait UIInterfaceOrientationLandscapeLeft UIInterfaceOrientationLandscapeRight";
				LD_RUNPATH_SEARCH_PATHS = (
					"$(inherited)",
					"@executable_path/Frameworks",
				);
				MARKETING_VERSION = 1.0;
				PRODUCT_BUNDLE_IDENTIFIER = com.karen.SwiftUICoreDataProject;
				PRODUCT_NAME = "$(TARGET_NAME)";
				SWIFT_EMIT_LOC_STRINGS = YES;
				SWIFT_VERSION = 5.0;
				TARGETED_DEVICE_FAMILY = "1,2";
			};
			name = Debug;
		};
		170C4D1D29BBA94C0086E02B /* Release */ = {
			isa = XCBuildConfiguration;
			buildSettings = {
				ASSETCATALOG_COMPILER_APPICON_NAME = AppIcon;
				ASSETCATALOG_COMPILER_GLOBAL_ACCENT_COLOR_NAME = AccentColor;
				CODE_SIGN_STYLE = Automatic;
				CURRENT_PROJECT_VERSION = 1;
				DEVELOPMENT_ASSET_PATHS = "\"SwiftUICoreDataProject/Preview Content\"";
				DEVELOPMENT_TEAM = LA9F8MT28T;
				ENABLE_PREVIEWS = YES;
				GENERATE_INFOPLIST_FILE = YES;
				INFOPLIST_KEY_UIApplicationSceneManifest_Generation = YES;
				INFOPLIST_KEY_UIApplicationSupportsIndirectInputEvents = YES;
				INFOPLIST_KEY_UILaunchScreen_Generation = YES;
				INFOPLIST_KEY_UISupportedInterfaceOrientations_iPad = "UIInterfaceOrientationPortrait UIInterfaceOrientationPortraitUpsideDown UIInterfaceOrientationLandscapeLeft UIInterfaceOrientationLandscapeRight";
				INFOPLIST_KEY_UISupportedInterfaceOrientations_iPhone = "UIInterfaceOrientationPortrait UIInterfaceOrientationLandscapeLeft UIInterfaceOrientationLandscapeRight";
				LD_RUNPATH_SEARCH_PATHS = (
					"$(inherited)",
					"@executable_path/Frameworks",
				);
				MARKETING_VERSION = 1.0;
				PRODUCT_BUNDLE_IDENTIFIER = com.karen.SwiftUICoreDataProject;
				PRODUCT_NAME = "$(TARGET_NAME)";
				SWIFT_EMIT_LOC_STRINGS = YES;
				SWIFT_VERSION = 5.0;
				TARGETED_DEVICE_FAMILY = "1,2";
			};
			name = Release;
		};
/* End XCBuildConfiguration section */

/* Begin XCConfigurationList section */
		170C4D0829BBA94B0086E02B /* Build configuration list for PBXProject "SwiftUICoreDataProject" */ = {
			isa = XCConfigurationList;
			buildConfigurations = (
				170C4D1929BBA94C0086E02B /* Debug */,
				170C4D1A29BBA94C0086E02B /* Release */,
			);
			defaultConfigurationIsVisible = 0;
			defaultConfigurationName = Release;
		};
		170C4D1B29BBA94C0086E02B /* Build configuration list for PBXNativeTarget "SwiftUICoreDataProject" */ = {
			isa = XCConfigurationList;
			buildConfigurations = (
				170C4D1C29BBA94C0086E02B /* Debug */,
				170C4D1D29BBA94C0086E02B /* Release */,
			);
			defaultConfigurationIsVisible = 0;
			defaultConfigurationName = Release;
		};
/* End XCConfigurationList section */

/* Begin XCVersionGroup section */
		170C4D2029BBAAD50086E02B /* CoreDataProject.xcdatamodeld */ = {
			isa = XCVersionGroup;
			children = (
				170C4D2129BBAAD50086E02B /* CoreDataProject.xcdatamodel */,
			);
			currentVersion = 170C4D2129BBAAD50086E02B /* CoreDataProject.xcdatamodel */;
			path = CoreDataProject.xcdatamodeld;
			sourceTree = "<group>";
			versionGroupType = wrapper.xcdatamodel;
		};
/* End XCVersionGroup section */
	};
	rootObject = 170C4D0529BBA94B0086E02B /* Project object */;
}
