// !$*UTF8*$!
{
	archiveVersion = 1;
	classes = {
	};
	objectVersion = 56;
	objects = {

/* Begin PBXBuildFile section */
		17AB10B42A011A4200C854B5 /* AppDelegate.swift in Sources */ = {isa = PBXBuildFile; fileRef = 17AB10B32A011A4200C854B5 /* AppDelegate.swift */; };
		17AB10B62A011A4200C854B5 /* SceneDelegate.swift in Sources */ = {isa = PBXBuildFile; fileRef = 17AB10B52A011A4200C854B5 /* SceneDelegate.swift */; };
		17AB10B82A011A4200C854B5 /* DetailViewController.swift in Sources */ = {isa = PBXBuildFile; fileRef = 17AB10B72A011A4200C854B5 /* DetailViewController.swift */; };
		17AB10BD2A011A4400C854B5 /* Assets.xcassets in Resources */ = {isa = PBXBuildFile; fileRef = 17AB10BC2A011A4400C854B5 /* Assets.xcassets */; };
		17AB10C02A011A4400C854B5 /* LaunchScreen.storyboard in Resources */ = {isa = PBXBuildFile; fileRef = 17AB10BE2A011A4400C854B5 /* LaunchScreen.storyboard */; };
		17AB10CB2A011AD900C854B5 /* HomeTableViewController.swift in Sources */ = {isa = PBXBuildFile; fileRef = 17AB10CA2A011AD900C854B5 /* HomeTableViewController.swift */; };
		17AB10CF2A011C8400C854B5 /* CustomTableViewCell.swift in Sources */ = {isa = PBXBuildFile; fileRef = 17AB10CE2A011C8400C854B5 /* CustomTableViewCell.swift */; };
		17AB10D12A0123D900C854B5 /* CustomToolbarViewForComposeButton.swift in Sources */ = {isa = PBXBuildFile; fileRef = 17AB10D02A0123D900C854B5 /* CustomToolbarViewForComposeButton.swift */; };
		17AB10D32A01281500C854B5 /* ComposeButtonView.swift in Sources */ = {isa = PBXBuildFile; fileRef = 17AB10D22A01281500C854B5 /* ComposeButtonView.swift */; };
		17AB10D52A012A6800C854B5 /* CustomToolbarViewForDeleteButton.swift in Sources */ = {isa = PBXBuildFile; fileRef = 17AB10D42A012A6800C854B5 /* CustomToolbarViewForDeleteButton.swift */; };
		17AB10D72A012BE200C854B5 /* DeleteButtonView.swift in Sources */ = {isa = PBXBuildFile; fileRef = 17AB10D62A012BE200C854B5 /* DeleteButtonView.swift */; };
/* End PBXBuildFile section */

/* Begin PBXFileReference section */
		17AB10B02A011A4200C854B5 /* Milestone19-21Programmatically.app */ = {isa = PBXFileReference; explicitFileType = wrapper.application; includeInIndex = 0; path = "Milestone19-21Programmatically.app"; sourceTree = BUILT_PRODUCTS_DIR; };
		17AB10B32A011A4200C854B5 /* AppDelegate.swift */ = {isa = PBXFileReference; lastKnownFileType = sourcecode.swift; path = AppDelegate.swift; sourceTree = "<group>"; };
		17AB10B52A011A4200C854B5 /* SceneDelegate.swift */ = {isa = PBXFileReference; lastKnownFileType = sourcecode.swift; path = SceneDelegate.swift; sourceTree = "<group>"; };
		17AB10B72A011A4200C854B5 /* DetailViewController.swift */ = {isa = PBXFileReference; lastKnownFileType = sourcecode.swift; path = DetailViewController.swift; sourceTree = "<group>"; };
		17AB10BC2A011A4400C854B5 /* Assets.xcassets */ = {isa = PBXFileReference; lastKnownFileType = folder.assetcatalog; path = Assets.xcassets; sourceTree = "<group>"; };
		17AB10BF2A011A4400C854B5 /* Base */ = {isa = PBXFileReference; lastKnownFileType = file.storyboard; name = Base; path = Base.lproj/LaunchScreen.storyboard; sourceTree = "<group>"; };
		17AB10C12A011A4400C854B5 /* Info.plist */ = {isa = PBXFileReference; lastKnownFileType = text.plist.xml; path = Info.plist; sourceTree = "<group>"; };
		17AB10CA2A011AD900C854B5 /* HomeTableViewController.swift */ = {isa = PBXFileReference; lastKnownFileType = sourcecode.swift; path = HomeTableViewController.swift; sourceTree = "<group>"; };
		17AB10CE2A011C8400C854B5 /* CustomTableViewCell.swift */ = {isa = PBXFileReference; lastKnownFileType = sourcecode.swift; path = CustomTableViewCell.swift; sourceTree = "<group>"; };
		17AB10D02A0123D900C854B5 /* CustomToolbarViewForComposeButton.swift */ = {isa = PBXFileReference; lastKnownFileType = sourcecode.swift; path = CustomToolbarViewForComposeButton.swift; sourceTree = "<group>"; };
		17AB10D22A01281500C854B5 /* ComposeButtonView.swift */ = {isa = PBXFileReference; lastKnownFileType = sourcecode.swift; path = ComposeButtonView.swift; sourceTree = "<group>"; };
		17AB10D42A012A6800C854B5 /* CustomToolbarViewForDeleteButton.swift */ = {isa = PBXFileReference; lastKnownFileType = sourcecode.swift; path = CustomToolbarViewForDeleteButton.swift; sourceTree = "<group>"; };
		17AB10D62A012BE200C854B5 /* DeleteButtonView.swift */ = {isa = PBXFileReference; lastKnownFileType = sourcecode.swift; path = DeleteButtonView.swift; sourceTree = "<group>"; };
/* End PBXFileReference section */

/* Begin PBXFrameworksBuildPhase section */
		17AB10AD2A011A4200C854B5 /* Frameworks */ = {
			isa = PBXFrameworksBuildPhase;
			buildActionMask = 2147483647;
			files = (
			);
			runOnlyForDeploymentPostprocessing = 0;
		};
/* End PBXFrameworksBuildPhase section */

/* Begin PBXGroup section */
		17AB10A72A011A4200C854B5 = {
			isa = PBXGroup;
			children = (
				17AB10B22A011A4200C854B5 /* Milestone19-21Programmatically */,
				17AB10B12A011A4200C854B5 /* Products */,
			);
			sourceTree = "<group>";
		};
		17AB10B12A011A4200C854B5 /* Products */ = {
			isa = PBXGroup;
			children = (
				17AB10B02A011A4200C854B5 /* Milestone19-21Programmatically.app */,
			);
			name = Products;
			sourceTree = "<group>";
		};
		17AB10B22A011A4200C854B5 /* Milestone19-21Programmatically */ = {
			isa = PBXGroup;
			children = (
				17AB10C82A011A5F00C854B5 /* Application */,
				17AB10CD2A011C6A00C854B5 /* Model */,
				17AB10CC2A011C6400C854B5 /* View */,
				17AB10C92A011AC200C854B5 /* Controller */,
				17AB10C72A011A5300C854B5 /* Resouces */,
			);
			path = "Milestone19-21Programmatically";
			sourceTree = "<group>";
		};
		17AB10C72A011A5300C854B5 /* Resouces */ = {
			isa = PBXGroup;
			children = (
				17AB10BC2A011A4400C854B5 /* Assets.xcassets */,
				17AB10BE2A011A4400C854B5 /* LaunchScreen.storyboard */,
				17AB10C12A011A4400C854B5 /* Info.plist */,
			);
			path = Resouces;
			sourceTree = "<group>";
		};
		17AB10C82A011A5F00C854B5 /* Application */ = {
			isa = PBXGroup;
			children = (
				17AB10B32A011A4200C854B5 /* AppDelegate.swift */,
				17AB10B52A011A4200C854B5 /* SceneDelegate.swift */,
			);
			path = Application;
			sourceTree = "<group>";
		};
		17AB10C92A011AC200C854B5 /* Controller */ = {
			isa = PBXGroup;
			children = (
				17AB10B72A011A4200C854B5 /* DetailViewController.swift */,
				17AB10CA2A011AD900C854B5 /* HomeTableViewController.swift */,
			);
			path = Controller;
			sourceTree = "<group>";
		};
		17AB10CC2A011C6400C854B5 /* View */ = {
			isa = PBXGroup;
			children = (
				17AB10CE2A011C8400C854B5 /* CustomTableViewCell.swift */,
				17AB10D02A0123D900C854B5 /* CustomToolbarViewForComposeButton.swift */,
				17AB10D22A01281500C854B5 /* ComposeButtonView.swift */,
				17AB10D42A012A6800C854B5 /* CustomToolbarViewForDeleteButton.swift */,
				17AB10D62A012BE200C854B5 /* DeleteButtonView.swift */,
			);
			path = View;
			sourceTree = "<group>";
		};
		17AB10CD2A011C6A00C854B5 /* Model */ = {
			isa = PBXGroup;
			children = (
			);
			path = Model;
			sourceTree = "<group>";
		};
/* End PBXGroup section */

/* Begin PBXNativeTarget section */
		17AB10AF2A011A4200C854B5 /* Milestone19-21Programmatically */ = {
			isa = PBXNativeTarget;
			buildConfigurationList = 17AB10C42A011A4400C854B5 /* Build configuration list for PBXNativeTarget "Milestone19-21Programmatically" */;
			buildPhases = (
				17AB10AC2A011A4200C854B5 /* Sources */,
				17AB10AD2A011A4200C854B5 /* Frameworks */,
				17AB10AE2A011A4200C854B5 /* Resources */,
			);
			buildRules = (
			);
			dependencies = (
			);
			name = "Milestone19-21Programmatically";
			productName = "Milestone19-21Programmatically";
			productReference = 17AB10B02A011A4200C854B5 /* Milestone19-21Programmatically.app */;
			productType = "com.apple.product-type.application";
		};
/* End PBXNativeTarget section */

/* Begin PBXProject section */
		17AB10A82A011A4200C854B5 /* Project object */ = {
			isa = PBXProject;
			attributes = {
				BuildIndependentTargetsInParallel = 1;
				LastSwiftUpdateCheck = 1430;
				LastUpgradeCheck = 1430;
				TargetAttributes = {
					17AB10AF2A011A4200C854B5 = {
						CreatedOnToolsVersion = 14.3;
					};
				};
			};
			buildConfigurationList = 17AB10AB2A011A4200C854B5 /* Build configuration list for PBXProject "Milestone19-21Programmatically" */;
			compatibilityVersion = "Xcode 14.0";
			developmentRegion = en;
			hasScannedForEncodings = 0;
			knownRegions = (
				en,
				Base,
			);
			mainGroup = 17AB10A72A011A4200C854B5;
			productRefGroup = 17AB10B12A011A4200C854B5 /* Products */;
			projectDirPath = "";
			projectRoot = "";
			targets = (
				17AB10AF2A011A4200C854B5 /* Milestone19-21Programmatically */,
			);
		};
/* End PBXProject section */

/* Begin PBXResourcesBuildPhase section */
		17AB10AE2A011A4200C854B5 /* Resources */ = {
			isa = PBXResourcesBuildPhase;
			buildActionMask = 2147483647;
			files = (
				17AB10C02A011A4400C854B5 /* LaunchScreen.storyboard in Resources */,
				17AB10BD2A011A4400C854B5 /* Assets.xcassets in Resources */,
			);
			runOnlyForDeploymentPostprocessing = 0;
		};
/* End PBXResourcesBuildPhase section */

/* Begin PBXSourcesBuildPhase section */
		17AB10AC2A011A4200C854B5 /* Sources */ = {
			isa = PBXSourcesBuildPhase;
			buildActionMask = 2147483647;
			files = (
				17AB10D52A012A6800C854B5 /* CustomToolbarViewForDeleteButton.swift in Sources */,
				17AB10CB2A011AD900C854B5 /* HomeTableViewController.swift in Sources */,
				17AB10D72A012BE200C854B5 /* DeleteButtonView.swift in Sources */,
				17AB10CF2A011C8400C854B5 /* CustomTableViewCell.swift in Sources */,
				17AB10B82A011A4200C854B5 /* DetailViewController.swift in Sources */,
				17AB10D32A01281500C854B5 /* ComposeButtonView.swift in Sources */,
				17AB10D12A0123D900C854B5 /* CustomToolbarViewForComposeButton.swift in Sources */,
				17AB10B42A011A4200C854B5 /* AppDelegate.swift in Sources */,
				17AB10B62A011A4200C854B5 /* SceneDelegate.swift in Sources */,
			);
			runOnlyForDeploymentPostprocessing = 0;
		};
/* End PBXSourcesBuildPhase section */

/* Begin PBXVariantGroup section */
		17AB10BE2A011A4400C854B5 /* LaunchScreen.storyboard */ = {
			isa = PBXVariantGroup;
			children = (
				17AB10BF2A011A4400C854B5 /* Base */,
			);
			name = LaunchScreen.storyboard;
			sourceTree = "<group>";
		};
/* End PBXVariantGroup section */

/* Begin XCBuildConfiguration section */
		17AB10C22A011A4400C854B5 /* Debug */ = {
			isa = XCBuildConfiguration;
			buildSettings = {
				ALWAYS_SEARCH_USER_PATHS = NO;
				CLANG_ANALYZER_NONNULL = YES;
				CLANG_ANALYZER_NUMBER_OBJECT_CONVERSION = YES_AGGRESSIVE;
				CLANG_CXX_LANGUAGE_STANDARD = "gnu++20";
				CLANG_ENABLE_MODULES = YES;
				CLANG_ENABLE_OBJC_ARC = YES;
				CLANG_ENABLE_OBJC_WEAK = YES;
				CLANG_WARN_BLOCK_CAPTURE_AUTORELEASING = YES;
				CLANG_WARN_BOOL_CONVERSION = YES;
				CLANG_WARN_COMMA = YES;
				CLANG_WARN_CONSTANT_CONVERSION = YES;
				CLANG_WARN_DEPRECATED_OBJC_IMPLEMENTATIONS = YES;
				CLANG_WARN_DIRECT_OBJC_ISA_USAGE = YES_ERROR;
				CLANG_WARN_DOCUMENTATION_COMMENTS = YES;
				CLANG_WARN_EMPTY_BODY = YES;
				CLANG_WARN_ENUM_CONVERSION = YES;
				CLANG_WARN_INFINITE_RECURSION = YES;
				CLANG_WARN_INT_CONVERSION = YES;
				CLANG_WARN_NON_LITERAL_NULL_CONVERSION = YES;
				CLANG_WARN_OBJC_IMPLICIT_RETAIN_SELF = YES;
				CLANG_WARN_OBJC_LITERAL_CONVERSION = YES;
				CLANG_WARN_OBJC_ROOT_CLASS = YES_ERROR;
				CLANG_WARN_QUOTED_INCLUDE_IN_FRAMEWORK_HEADER = YES;
				CLANG_WARN_RANGE_LOOP_ANALYSIS = YES;
				CLANG_WARN_STRICT_PROTOTYPES = YES;
				CLANG_WARN_SUSPICIOUS_MOVE = YES;
				CLANG_WARN_UNGUARDED_AVAILABILITY = YES_AGGRESSIVE;
				CLANG_WARN_UNREACHABLE_CODE = YES;
				CLANG_WARN__DUPLICATE_METHOD_MATCH = YES;
				COPY_PHASE_STRIP = NO;
				DEBUG_INFORMATION_FORMAT = dwarf;
				ENABLE_STRICT_OBJC_MSGSEND = YES;
				ENABLE_TESTABILITY = YES;
				GCC_C_LANGUAGE_STANDARD = gnu11;
				GCC_DYNAMIC_NO_PIC = NO;
				GCC_NO_COMMON_BLOCKS = YES;
				GCC_OPTIMIZATION_LEVEL = 0;
				GCC_PREPROCESSOR_DEFINITIONS = (
					"DEBUG=1",
					"$(inherited)",
				);
				GCC_WARN_64_TO_32_BIT_CONVERSION = YES;
				GCC_WARN_ABOUT_RETURN_TYPE = YES_ERROR;
				GCC_WARN_UNDECLARED_SELECTOR = YES;
				GCC_WARN_UNINITIALIZED_AUTOS = YES_AGGRESSIVE;
				GCC_WARN_UNUSED_FUNCTION = YES;
				GCC_WARN_UNUSED_VARIABLE = YES;
				IPHONEOS_DEPLOYMENT_TARGET = 16.4;
				MTL_ENABLE_DEBUG_INFO = INCLUDE_SOURCE;
				MTL_FAST_MATH = YES;
				ONLY_ACTIVE_ARCH = YES;
				SDKROOT = iphoneos;
				SWIFT_ACTIVE_COMPILATION_CONDITIONS = DEBUG;
				SWIFT_OPTIMIZATION_LEVEL = "-Onone";
			};
			name = Debug;
		};
		17AB10C32A011A4400C854B5 /* Release */ = {
			isa = XCBuildConfiguration;
			buildSettings = {
				ALWAYS_SEARCH_USER_PATHS = NO;
				CLANG_ANALYZER_NONNULL = YES;
				CLANG_ANALYZER_NUMBER_OBJECT_CONVERSION = YES_AGGRESSIVE;
				CLANG_CXX_LANGUAGE_STANDARD = "gnu++20";
				CLANG_ENABLE_MODULES = YES;
				CLANG_ENABLE_OBJC_ARC = YES;
				CLANG_ENABLE_OBJC_WEAK = YES;
				CLANG_WARN_BLOCK_CAPTURE_AUTORELEASING = YES;
				CLANG_WARN_BOOL_CONVERSION = YES;
				CLANG_WARN_COMMA = YES;
				CLANG_WARN_CONSTANT_CONVERSION = YES;
				CLANG_WARN_DEPRECATED_OBJC_IMPLEMENTATIONS = YES;
				CLANG_WARN_DIRECT_OBJC_ISA_USAGE = YES_ERROR;
				CLANG_WARN_DOCUMENTATION_COMMENTS = YES;
				CLANG_WARN_EMPTY_BODY = YES;
				CLANG_WARN_ENUM_CONVERSION = YES;
				CLANG_WARN_INFINITE_RECURSION = YES;
				CLANG_WARN_INT_CONVERSION = YES;
				CLANG_WARN_NON_LITERAL_NULL_CONVERSION = YES;
				CLANG_WARN_OBJC_IMPLICIT_RETAIN_SELF = YES;
				CLANG_WARN_OBJC_LITERAL_CONVERSION = YES;
				CLANG_WARN_OBJC_ROOT_CLASS = YES_ERROR;
				CLANG_WARN_QUOTED_INCLUDE_IN_FRAMEWORK_HEADER = YES;
				CLANG_WARN_RANGE_LOOP_ANALYSIS = YES;
				CLANG_WARN_STRICT_PROTOTYPES = YES;
				CLANG_WARN_SUSPICIOUS_MOVE = YES;
				CLANG_WARN_UNGUARDED_AVAILABILITY = YES_AGGRESSIVE;
				CLANG_WARN_UNREACHABLE_CODE = YES;
				CLANG_WARN__DUPLICATE_METHOD_MATCH = YES;
				COPY_PHASE_STRIP = NO;
				DEBUG_INFORMATION_FORMAT = "dwarf-with-dsym";
				ENABLE_NS_ASSERTIONS = NO;
				ENABLE_STRICT_OBJC_MSGSEND = YES;
				GCC_C_LANGUAGE_STANDARD = gnu11;
				GCC_NO_COMMON_BLOCKS = YES;
				GCC_WARN_64_TO_32_BIT_CONVERSION = YES;
				GCC_WARN_ABOUT_RETURN_TYPE = YES_ERROR;
				GCC_WARN_UNDECLARED_SELECTOR = YES;
				GCC_WARN_UNINITIALIZED_AUTOS = YES_AGGRESSIVE;
				GCC_WARN_UNUSED_FUNCTION = YES;
				GCC_WARN_UNUSED_VARIABLE = YES;
				IPHONEOS_DEPLOYMENT_TARGET = 16.4;
				MTL_ENABLE_DEBUG_INFO = NO;
				MTL_FAST_MATH = YES;
				SDKROOT = iphoneos;
				SWIFT_COMPILATION_MODE = wholemodule;
				SWIFT_OPTIMIZATION_LEVEL = "-O";
				VALIDATE_PRODUCT = YES;
			};
			name = Release;
		};
		17AB10C52A011A4400C854B5 /* Debug */ = {
			isa = XCBuildConfiguration;
			buildSettings = {
				ASSETCATALOG_COMPILER_APPICON_NAME = AppIcon;
				ASSETCATALOG_COMPILER_GLOBAL_ACCENT_COLOR_NAME = AccentColor;
				CODE_SIGN_STYLE = Automatic;
				CURRENT_PROJECT_VERSION = 1;
				DEVELOPMENT_TEAM = LA9F8MT28T;
				GENERATE_INFOPLIST_FILE = YES;
				INFOPLIST_FILE = "Milestone19-21Programmatically/Resouces/Info.plist";
				INFOPLIST_KEY_UIApplicationSupportsIndirectInputEvents = YES;
				INFOPLIST_KEY_UILaunchStoryboardName = LaunchScreen;
				INFOPLIST_KEY_UISupportedInterfaceOrientations_iPad = "UIInterfaceOrientationPortrait UIInterfaceOrientationPortraitUpsideDown UIInterfaceOrientationLandscapeLeft UIInterfaceOrientationLandscapeRight";
				INFOPLIST_KEY_UISupportedInterfaceOrientations_iPhone = "UIInterfaceOrientationPortrait UIInterfaceOrientationLandscapeLeft UIInterfaceOrientationLandscapeRight";
				LD_RUNPATH_SEARCH_PATHS = (
					"$(inherited)",
					"@executable_path/Frameworks",
				);
				MARKETING_VERSION = 1.0;
				PRODUCT_BUNDLE_IDENTIFIER = "com.karen.Milestone19-21Programmatically";
				PRODUCT_NAME = "$(TARGET_NAME)";
				SWIFT_EMIT_LOC_STRINGS = YES;
				SWIFT_VERSION = 5.0;
				TARGETED_DEVICE_FAMILY = "1,2";
			};
			name = Debug;
		};
		17AB10C62A011A4400C854B5 /* Release */ = {
			isa = XCBuildConfiguration;
			buildSettings = {
				ASSETCATALOG_COMPILER_APPICON_NAME = AppIcon;
				ASSETCATALOG_COMPILER_GLOBAL_ACCENT_COLOR_NAME = AccentColor;
				CODE_SIGN_STYLE = Automatic;
				CURRENT_PROJECT_VERSION = 1;
				DEVELOPMENT_TEAM = LA9F8MT28T;
				GENERATE_INFOPLIST_FILE = YES;
				INFOPLIST_FILE = "Milestone19-21Programmatically/Resouces/Info.plist";
				INFOPLIST_KEY_UIApplicationSupportsIndirectInputEvents = YES;
				INFOPLIST_KEY_UILaunchStoryboardName = LaunchScreen;
				INFOPLIST_KEY_UISupportedInterfaceOrientations_iPad = "UIInterfaceOrientationPortrait UIInterfaceOrientationPortraitUpsideDown UIInterfaceOrientationLandscapeLeft UIInterfaceOrientationLandscapeRight";
				INFOPLIST_KEY_UISupportedInterfaceOrientations_iPhone = "UIInterfaceOrientationPortrait UIInterfaceOrientationLandscapeLeft UIInterfaceOrientationLandscapeRight";
				LD_RUNPATH_SEARCH_PATHS = (
					"$(inherited)",
					"@executable_path/Frameworks",
				);
				MARKETING_VERSION = 1.0;
				PRODUCT_BUNDLE_IDENTIFIER = "com.karen.Milestone19-21Programmatically";
				PRODUCT_NAME = "$(TARGET_NAME)";
				SWIFT_EMIT_LOC_STRINGS = YES;
				SWIFT_VERSION = 5.0;
				TARGETED_DEVICE_FAMILY = "1,2";
			};
			name = Release;
		};
/* End XCBuildConfiguration section */

/* Begin XCConfigurationList section */
		17AB10AB2A011A4200C854B5 /* Build configuration list for PBXProject "Milestone19-21Programmatically" */ = {
			isa = XCConfigurationList;
			buildConfigurations = (
				17AB10C22A011A4400C854B5 /* Debug */,
				17AB10C32A011A4400C854B5 /* Release */,
			);
			defaultConfigurationIsVisible = 0;
			defaultConfigurationName = Release;
		};
		17AB10C42A011A4400C854B5 /* Build configuration list for PBXNativeTarget "Milestone19-21Programmatically" */ = {
			isa = XCConfigurationList;
			buildConfigurations = (
				17AB10C52A011A4400C854B5 /* Debug */,
				17AB10C62A011A4400C854B5 /* Release */,
			);
			defaultConfigurationIsVisible = 0;
			defaultConfigurationName = Release;
		};
/* End XCConfigurationList section */
	};
	rootObject = 17AB10A82A011A4200C854B5 /* Project object */;
}
