// !$*UTF8*$!
{
	archiveVersion = 1;
	classes = {
	};
	objectVersion = 56;
	objects = {

/* Begin PBXBuildFile section */
		17A6AAE22998EEDB003BE599 /* AppDelegate.swift in Sources */ = {isa = PBXBuildFile; fileRef = 17A6AAE12998EEDB003BE599 /* AppDelegate.swift */; };
		17A6AAE42998EEDB003BE599 /* SceneDelegate.swift in Sources */ = {isa = PBXBuildFile; fileRef = 17A6AAE32998EEDB003BE599 /* SceneDelegate.swift */; };
		17A6AAE62998EEDB003BE599 /* ViewController.swift in Sources */ = {isa = PBXBuildFile; fileRef = 17A6AAE52998EEDB003BE599 /* ViewController.swift */; };
		17A6AAE92998EEDB003BE599 /* Main.storyboard in Resources */ = {isa = PBXBuildFile; fileRef = 17A6AAE72998EEDB003BE599 /* Main.storyboard */; };
		17A6AAEB2998EEDD003BE599 /* Assets.xcassets in Resources */ = {isa = PBXBuildFile; fileRef = 17A6AAEA2998EEDD003BE599 /* Assets.xcassets */; };
		17A6AAEE2998EEDD003BE599 /* LaunchScreen.storyboard in Resources */ = {isa = PBXBuildFile; fileRef = 17A6AAEC2998EEDD003BE599 /* LaunchScreen.storyboard */; };
/* End PBXBuildFile section */

/* Begin PBXContainerItemProxy section */
		17A6AAF52998EEDD003BE599 /* PBXContainerItemProxy */ = {
			isa = PBXContainerItemProxy;
			containerPortal = 17A6AAD62998EEDA003BE599 /* Project object */;
			proxyType = 1;
			remoteGlobalIDString = 17A6AADD2998EEDB003BE599;
			remoteInfo = Project30;
		};
		17A6AAFF2998EEDD003BE599 /* PBXContainerItemProxy */ = {
			isa = PBXContainerItemProxy;
			containerPortal = 17A6AAD62998EEDA003BE599 /* Project object */;
			proxyType = 1;
			remoteGlobalIDString = 17A6AADD2998EEDB003BE599;
			remoteInfo = Project30;
		};
/* End PBXContainerItemProxy section */

/* Begin PBXFileReference section */
		17A6AADE2998EEDB003BE599 /* Project30.app */ = {isa = PBXFileReference; explicitFileType = wrapper.application; includeInIndex = 0; path = Project30.app; sourceTree = BUILT_PRODUCTS_DIR; };
		17A6AAE12998EEDB003BE599 /* AppDelegate.swift */ = {isa = PBXFileReference; lastKnownFileType = sourcecode.swift; path = AppDelegate.swift; sourceTree = "<group>"; };
		17A6AAE32998EEDB003BE599 /* SceneDelegate.swift */ = {isa = PBXFileReference; lastKnownFileType = sourcecode.swift; path = SceneDelegate.swift; sourceTree = "<group>"; };
		17A6AAE52998EEDB003BE599 /* ViewController.swift */ = {isa = PBXFileReference; lastKnownFileType = sourcecode.swift; path = ViewController.swift; sourceTree = "<group>"; };
		17A6AAE82998EEDB003BE599 /* Base */ = {isa = PBXFileReference; lastKnownFileType = file.storyboard; name = Base; path = Base.lproj/Main.storyboard; sourceTree = "<group>"; };
		17A6AAEA2998EEDD003BE599 /* Assets.xcassets */ = {isa = PBXFileReference; lastKnownFileType = folder.assetcatalog; path = Assets.xcassets; sourceTree = "<group>"; };
		17A6AAED2998EEDD003BE599 /* Base */ = {isa = PBXFileReference; lastKnownFileType = file.storyboard; name = Base; path = Base.lproj/LaunchScreen.storyboard; sourceTree = "<group>"; };
		17A6AAEF2998EEDD003BE599 /* Info.plist */ = {isa = PBXFileReference; lastKnownFileType = text.plist.xml; path = Info.plist; sourceTree = "<group>"; };
		17A6AAF42998EEDD003BE599 /* Project30Tests.xctest */ = {isa = PBXFileReference; explicitFileType = wrapper.cfbundle; includeInIndex = 0; path = Project30Tests.xctest; sourceTree = BUILT_PRODUCTS_DIR; };
		17A6AAFE2998EEDD003BE599 /* Project30UITests.xctest */ = {isa = PBXFileReference; explicitFileType = wrapper.cfbundle; includeInIndex = 0; path = Project30UITests.xctest; sourceTree = BUILT_PRODUCTS_DIR; };
/* End PBXFileReference section */

/* Begin PBXFrameworksBuildPhase section */
		17A6AADB2998EEDB003BE599 /* Frameworks */ = {
			isa = PBXFrameworksBuildPhase;
			buildActionMask = 2147483647;
			files = (
			);
			runOnlyForDeploymentPostprocessing = 0;
		};
		17A6AAF12998EEDD003BE599 /* Frameworks */ = {
			isa = PBXFrameworksBuildPhase;
			buildActionMask = 2147483647;
			files = (
			);
			runOnlyForDeploymentPostprocessing = 0;
		};
		17A6AAFB2998EEDD003BE599 /* Frameworks */ = {
			isa = PBXFrameworksBuildPhase;
			buildActionMask = 2147483647;
			files = (
			);
			runOnlyForDeploymentPostprocessing = 0;
		};
/* End PBXFrameworksBuildPhase section */

/* Begin PBXGroup section */
		17A6AAD52998EEDA003BE599 = {
			isa = PBXGroup;
			children = (
				17A6AAE02998EEDB003BE599 /* Project30 */,
				17A6AADF2998EEDB003BE599 /* Products */,
			);
			sourceTree = "<group>";
		};
		17A6AADF2998EEDB003BE599 /* Products */ = {
			isa = PBXGroup;
			children = (
				17A6AADE2998EEDB003BE599 /* Project30.app */,
				17A6AAF42998EEDD003BE599 /* Project30Tests.xctest */,
				17A6AAFE2998EEDD003BE599 /* Project30UITests.xctest */,
			);
			name = Products;
			sourceTree = "<group>";
		};
		17A6AAE02998EEDB003BE599 /* Project30 */ = {
			isa = PBXGroup;
			children = (
				17A6AAE12998EEDB003BE599 /* AppDelegate.swift */,
				17A6AAE32998EEDB003BE599 /* SceneDelegate.swift */,
				17A6AAE52998EEDB003BE599 /* ViewController.swift */,
				17A6AAE72998EEDB003BE599 /* Main.storyboard */,
				17A6AAEA2998EEDD003BE599 /* Assets.xcassets */,
				17A6AAEC2998EEDD003BE599 /* LaunchScreen.storyboard */,
				17A6AAEF2998EEDD003BE599 /* Info.plist */,
			);
			path = Project30;
			sourceTree = "<group>";
		};
/* End PBXGroup section */

/* Begin PBXNativeTarget section */
		17A6AADD2998EEDB003BE599 /* Project30 */ = {
			isa = PBXNativeTarget;
			buildConfigurationList = 17A6AB082998EEDD003BE599 /* Build configuration list for PBXNativeTarget "Project30" */;
			buildPhases = (
				17A6AADA2998EEDB003BE599 /* Sources */,
				17A6AADB2998EEDB003BE599 /* Frameworks */,
				17A6AADC2998EEDB003BE599 /* Resources */,
			);
			buildRules = (
			);
			dependencies = (
			);
			name = Project30;
			productName = Project30;
			productReference = 17A6AADE2998EEDB003BE599 /* Project30.app */;
			productType = "com.apple.product-type.application";
		};
		17A6AAF32998EEDD003BE599 /* Project30Tests */ = {
			isa = PBXNativeTarget;
			buildConfigurationList = 17A6AB0B2998EEDD003BE599 /* Build configuration list for PBXNativeTarget "Project30Tests" */;
			buildPhases = (
				17A6AAF02998EEDD003BE599 /* Sources */,
				17A6AAF12998EEDD003BE599 /* Frameworks */,
				17A6AAF22998EEDD003BE599 /* Resources */,
			);
			buildRules = (
			);
			dependencies = (
				17A6AAF62998EEDD003BE599 /* PBXTargetDependency */,
			);
			name = Project30Tests;
			productName = Project30Tests;
			productReference = 17A6AAF42998EEDD003BE599 /* Project30Tests.xctest */;
			productType = "com.apple.product-type.bundle.unit-test";
		};
		17A6AAFD2998EEDD003BE599 /* Project30UITests */ = {
			isa = PBXNativeTarget;
			buildConfigurationList = 17A6AB0E2998EEDD003BE599 /* Build configuration list for PBXNativeTarget "Project30UITests" */;
			buildPhases = (
				17A6AAFA2998EEDD003BE599 /* Sources */,
				17A6AAFB2998EEDD003BE599 /* Frameworks */,
				17A6AAFC2998EEDD003BE599 /* Resources */,
			);
			buildRules = (
			);
			dependencies = (
				17A6AB002998EEDD003BE599 /* PBXTargetDependency */,
			);
			name = Project30UITests;
			productName = Project30UITests;
			productReference = 17A6AAFE2998EEDD003BE599 /* Project30UITests.xctest */;
			productType = "com.apple.product-type.bundle.ui-testing";
		};
/* End PBXNativeTarget section */

/* Begin PBXProject section */
		17A6AAD62998EEDA003BE599 /* Project object */ = {
			isa = PBXProject;
			attributes = {
				BuildIndependentTargetsInParallel = 1;
				LastSwiftUpdateCheck = 1410;
				LastUpgradeCheck = 1410;
				TargetAttributes = {
					17A6AADD2998EEDB003BE599 = {
						CreatedOnToolsVersion = 14.1;
					};
					17A6AAF32998EEDD003BE599 = {
						CreatedOnToolsVersion = 14.1;
						TestTargetID = 17A6AADD2998EEDB003BE599;
					};
					17A6AAFD2998EEDD003BE599 = {
						CreatedOnToolsVersion = 14.1;
						TestTargetID = 17A6AADD2998EEDB003BE599;
					};
				};
			};
			buildConfigurationList = 17A6AAD92998EEDA003BE599 /* Build configuration list for PBXProject "Project30" */;
			compatibilityVersion = "Xcode 14.0";
			developmentRegion = en;
			hasScannedForEncodings = 0;
			knownRegions = (
				en,
				Base,
			);
			mainGroup = 17A6AAD52998EEDA003BE599;
			productRefGroup = 17A6AADF2998EEDB003BE599 /* Products */;
			projectDirPath = "";
			projectRoot = "";
			targets = (
				17A6AADD2998EEDB003BE599 /* Project30 */,
				17A6AAF32998EEDD003BE599 /* Project30Tests */,
				17A6AAFD2998EEDD003BE599 /* Project30UITests */,
			);
		};
/* End PBXProject section */

/* Begin PBXResourcesBuildPhase section */
		17A6AADC2998EEDB003BE599 /* Resources */ = {
			isa = PBXResourcesBuildPhase;
			buildActionMask = 2147483647;
			files = (
				17A6AAEE2998EEDD003BE599 /* LaunchScreen.storyboard in Resources */,
				17A6AAEB2998EEDD003BE599 /* Assets.xcassets in Resources */,
				17A6AAE92998EEDB003BE599 /* Main.storyboard in Resources */,
			);
			runOnlyForDeploymentPostprocessing = 0;
		};
		17A6AAF22998EEDD003BE599 /* Resources */ = {
			isa = PBXResourcesBuildPhase;
			buildActionMask = 2147483647;
			files = (
			);
			runOnlyForDeploymentPostprocessing = 0;
		};
		17A6AAFC2998EEDD003BE599 /* Resources */ = {
			isa = PBXResourcesBuildPhase;
			buildActionMask = 2147483647;
			files = (
			);
			runOnlyForDeploymentPostprocessing = 0;
		};
/* End PBXResourcesBuildPhase section */

/* Begin PBXSourcesBuildPhase section */
		17A6AADA2998EEDB003BE599 /* Sources */ = {
			isa = PBXSourcesBuildPhase;
			buildActionMask = 2147483647;
			files = (
				17A6AAE62998EEDB003BE599 /* ViewController.swift in Sources */,
				17A6AAE22998EEDB003BE599 /* AppDelegate.swift in Sources */,
				17A6AAE42998EEDB003BE599 /* SceneDelegate.swift in Sources */,
			);
			runOnlyForDeploymentPostprocessing = 0;
		};
		17A6AAF02998EEDD003BE599 /* Sources */ = {
			isa = PBXSourcesBuildPhase;
			buildActionMask = 2147483647;
			files = (
			);
			runOnlyForDeploymentPostprocessing = 0;
		};
		17A6AAFA2998EEDD003BE599 /* Sources */ = {
			isa = PBXSourcesBuildPhase;
			buildActionMask = 2147483647;
			files = (
			);
			runOnlyForDeploymentPostprocessing = 0;
		};
/* End PBXSourcesBuildPhase section */

/* Begin PBXTargetDependency section */
		17A6AAF62998EEDD003BE599 /* PBXTargetDependency */ = {
			isa = PBXTargetDependency;
			target = 17A6AADD2998EEDB003BE599 /* Project30 */;
			targetProxy = 17A6AAF52998EEDD003BE599 /* PBXContainerItemProxy */;
		};
		17A6AB002998EEDD003BE599 /* PBXTargetDependency */ = {
			isa = PBXTargetDependency;
			target = 17A6AADD2998EEDB003BE599 /* Project30 */;
			targetProxy = 17A6AAFF2998EEDD003BE599 /* PBXContainerItemProxy */;
		};
/* End PBXTargetDependency section */

/* Begin PBXVariantGroup section */
		17A6AAE72998EEDB003BE599 /* Main.storyboard */ = {
			isa = PBXVariantGroup;
			children = (
				17A6AAE82998EEDB003BE599 /* Base */,
			);
			name = Main.storyboard;
			sourceTree = "<group>";
		};
		17A6AAEC2998EEDD003BE599 /* LaunchScreen.storyboard */ = {
			isa = PBXVariantGroup;
			children = (
				17A6AAED2998EEDD003BE599 /* Base */,
			);
			name = LaunchScreen.storyboard;
			sourceTree = "<group>";
		};
/* End PBXVariantGroup section */

/* Begin XCBuildConfiguration section */
		17A6AB062998EEDD003BE599 /* Debug */ = {
			isa = XCBuildConfiguration;
			buildSettings = {
				ALWAYS_SEARCH_USER_PATHS = NO;
				CLANG_ANALYZER_NONNULL = YES;
				CLANG_ANALYZER_NUMBER_OBJECT_CONVERSION = YES_AGGRESSIVE;
				CLANG_CXX_LANGUAGE_STANDARD = "gnu++20";
				CLANG_ENABLE_MODULES = YES;
				CLANG_ENABLE_OBJC_ARC = YES;
				CLANG_ENABLE_OBJC_WEAK = YES;
				CLANG_WARN_BLOCK_CAPTURE_AUTORELEASING = YES;
				CLANG_WARN_BOOL_CONVERSION = YES;
				CLANG_WARN_COMMA = YES;
				CLANG_WARN_CONSTANT_CONVERSION = YES;
				CLANG_WARN_DEPRECATED_OBJC_IMPLEMENTATIONS = YES;
				CLANG_WARN_DIRECT_OBJC_ISA_USAGE = YES_ERROR;
				CLANG_WARN_DOCUMENTATION_COMMENTS = YES;
				CLANG_WARN_EMPTY_BODY = YES;
				CLANG_WARN_ENUM_CONVERSION = YES;
				CLANG_WARN_INFINITE_RECURSION = YES;
				CLANG_WARN_INT_CONVERSION = YES;
				CLANG_WARN_NON_LITERAL_NULL_CONVERSION = YES;
				CLANG_WARN_OBJC_IMPLICIT_RETAIN_SELF = YES;
				CLANG_WARN_OBJC_LITERAL_CONVERSION = YES;
				CLANG_WARN_OBJC_ROOT_CLASS = YES_ERROR;
				CLANG_WARN_QUOTED_INCLUDE_IN_FRAMEWORK_HEADER = YES;
				CLANG_WARN_RANGE_LOOP_ANALYSIS = YES;
				CLANG_WARN_STRICT_PROTOTYPES = YES;
				CLANG_WARN_SUSPICIOUS_MOVE = YES;
				CLANG_WARN_UNGUARDED_AVAILABILITY = YES_AGGRESSIVE;
				CLANG_WARN_UNREACHABLE_CODE = YES;
				CLANG_WARN__DUPLICATE_METHOD_MATCH = YES;
				COPY_PHASE_STRIP = NO;
				DEBUG_INFORMATION_FORMAT = dwarf;
				ENABLE_STRICT_OBJC_MSGSEND = YES;
				ENABLE_TESTABILITY = YES;
				GCC_C_LANGUAGE_STANDARD = gnu11;
				GCC_DYNAMIC_NO_PIC = NO;
				GCC_NO_COMMON_BLOCKS = YES;
				GCC_OPTIMIZATION_LEVEL = 0;
				GCC_PREPROCESSOR_DEFINITIONS = (
					"DEBUG=1",
					"$(inherited)",
				);
				GCC_WARN_64_TO_32_BIT_CONVERSION = YES;
				GCC_WARN_ABOUT_RETURN_TYPE = YES_ERROR;
				GCC_WARN_UNDECLARED_SELECTOR = YES;
				GCC_WARN_UNINITIALIZED_AUTOS = YES_AGGRESSIVE;
				GCC_WARN_UNUSED_FUNCTION = YES;
				GCC_WARN_UNUSED_VARIABLE = YES;
				IPHONEOS_DEPLOYMENT_TARGET = 16.1;
				MTL_ENABLE_DEBUG_INFO = INCLUDE_SOURCE;
				MTL_FAST_MATH = YES;
				ONLY_ACTIVE_ARCH = YES;
				SDKROOT = iphoneos;
				SWIFT_ACTIVE_COMPILATION_CONDITIONS = DEBUG;
				SWIFT_OPTIMIZATION_LEVEL = "-Onone";
			};
			name = Debug;
		};
		17A6AB072998EEDD003BE599 /* Release */ = {
			isa = XCBuildConfiguration;
			buildSettings = {
				ALWAYS_SEARCH_USER_PATHS = NO;
				CLANG_ANALYZER_NONNULL = YES;
				CLANG_ANALYZER_NUMBER_OBJECT_CONVERSION = YES_AGGRESSIVE;
				CLANG_CXX_LANGUAGE_STANDARD = "gnu++20";
				CLANG_ENABLE_MODULES = YES;
				CLANG_ENABLE_OBJC_ARC = YES;
				CLANG_ENABLE_OBJC_WEAK = YES;
				CLANG_WARN_BLOCK_CAPTURE_AUTORELEASING = YES;
				CLANG_WARN_BOOL_CONVERSION = YES;
				CLANG_WARN_COMMA = YES;
				CLANG_WARN_CONSTANT_CONVERSION = YES;
				CLANG_WARN_DEPRECATED_OBJC_IMPLEMENTATIONS = YES;
				CLANG_WARN_DIRECT_OBJC_ISA_USAGE = YES_ERROR;
				CLANG_WARN_DOCUMENTATION_COMMENTS = YES;
				CLANG_WARN_EMPTY_BODY = YES;
				CLANG_WARN_ENUM_CONVERSION = YES;
				CLANG_WARN_INFINITE_RECURSION = YES;
				CLANG_WARN_INT_CONVERSION = YES;
				CLANG_WARN_NON_LITERAL_NULL_CONVERSION = YES;
				CLANG_WARN_OBJC_IMPLICIT_RETAIN_SELF = YES;
				CLANG_WARN_OBJC_LITERAL_CONVERSION = YES;
				CLANG_WARN_OBJC_ROOT_CLASS = YES_ERROR;
				CLANG_WARN_QUOTED_INCLUDE_IN_FRAMEWORK_HEADER = YES;
				CLANG_WARN_RANGE_LOOP_ANALYSIS = YES;
				CLANG_WARN_STRICT_PROTOTYPES = YES;
				CLANG_WARN_SUSPICIOUS_MOVE = YES;
				CLANG_WARN_UNGUARDED_AVAILABILITY = YES_AGGRESSIVE;
				CLANG_WARN_UNREACHABLE_CODE = YES;
				CLANG_WARN__DUPLICATE_METHOD_MATCH = YES;
				COPY_PHASE_STRIP = NO;
				DEBUG_INFORMATION_FORMAT = "dwarf-with-dsym";
				ENABLE_NS_ASSERTIONS = NO;
				ENABLE_STRICT_OBJC_MSGSEND = YES;
				GCC_C_LANGUAGE_STANDARD = gnu11;
				GCC_NO_COMMON_BLOCKS = YES;
				GCC_WARN_64_TO_32_BIT_CONVERSION = YES;
				GCC_WARN_ABOUT_RETURN_TYPE = YES_ERROR;
				GCC_WARN_UNDECLARED_SELECTOR = YES;
				GCC_WARN_UNINITIALIZED_AUTOS = YES_AGGRESSIVE;
				GCC_WARN_UNUSED_FUNCTION = YES;
				GCC_WARN_UNUSED_VARIABLE = YES;
				IPHONEOS_DEPLOYMENT_TARGET = 16.1;
				MTL_ENABLE_DEBUG_INFO = NO;
				MTL_FAST_MATH = YES;
				SDKROOT = iphoneos;
				SWIFT_COMPILATION_MODE = wholemodule;
				SWIFT_OPTIMIZATION_LEVEL = "-O";
				VALIDATE_PRODUCT = YES;
			};
			name = Release;
		};
		17A6AB092998EEDD003BE599 /* Debug */ = {
			isa = XCBuildConfiguration;
			buildSettings = {
				ASSETCATALOG_COMPILER_APPICON_NAME = AppIcon;
				ASSETCATALOG_COMPILER_GLOBAL_ACCENT_COLOR_NAME = AccentColor;
				CODE_SIGN_STYLE = Automatic;
				CURRENT_PROJECT_VERSION = 1;
				DEVELOPMENT_TEAM = LA9F8MT28T;
				GENERATE_INFOPLIST_FILE = YES;
				INFOPLIST_FILE = Project30/Info.plist;
				INFOPLIST_KEY_UIApplicationSupportsIndirectInputEvents = YES;
				INFOPLIST_KEY_UILaunchStoryboardName = LaunchScreen;
				INFOPLIST_KEY_UIMainStoryboardFile = Main;
				INFOPLIST_KEY_UISupportedInterfaceOrientations_iPad = "UIInterfaceOrientationPortrait UIInterfaceOrientationPortraitUpsideDown UIInterfaceOrientationLandscapeLeft UIInterfaceOrientationLandscapeRight";
				INFOPLIST_KEY_UISupportedInterfaceOrientations_iPhone = "UIInterfaceOrientationPortrait UIInterfaceOrientationLandscapeLeft UIInterfaceOrientationLandscapeRight";
				LD_RUNPATH_SEARCH_PATHS = (
					"$(inherited)",
					"@executable_path/Frameworks",
				);
				MARKETING_VERSION = 1.0;
				PRODUCT_BUNDLE_IDENTIFIER = com.karen.Project30;
				PRODUCT_NAME = "$(TARGET_NAME)";
				SWIFT_EMIT_LOC_STRINGS = YES;
				SWIFT_VERSION = 5.0;
				TARGETED_DEVICE_FAMILY = "1,2";
			};
			name = Debug;
		};
		17A6AB0A2998EEDD003BE599 /* Release */ = {
			isa = XCBuildConfiguration;
			buildSettings = {
				ASSETCATALOG_COMPILER_APPICON_NAME = AppIcon;
				ASSETCATALOG_COMPILER_GLOBAL_ACCENT_COLOR_NAME = AccentColor;
				CODE_SIGN_STYLE = Automatic;
				CURRENT_PROJECT_VERSION = 1;
				DEVELOPMENT_TEAM = LA9F8MT28T;
				GENERATE_INFOPLIST_FILE = YES;
				INFOPLIST_FILE = Project30/Info.plist;
				INFOPLIST_KEY_UIApplicationSupportsIndirectInputEvents = YES;
				INFOPLIST_KEY_UILaunchStoryboardName = LaunchScreen;
				INFOPLIST_KEY_UIMainStoryboardFile = Main;
				INFOPLIST_KEY_UISupportedInterfaceOrientations_iPad = "UIInterfaceOrientationPortrait UIInterfaceOrientationPortraitUpsideDown UIInterfaceOrientationLandscapeLeft UIInterfaceOrientationLandscapeRight";
				INFOPLIST_KEY_UISupportedInterfaceOrientations_iPhone = "UIInterfaceOrientationPortrait UIInterfaceOrientationLandscapeLeft UIInterfaceOrientationLandscapeRight";
				LD_RUNPATH_SEARCH_PATHS = (
					"$(inherited)",
					"@executable_path/Frameworks",
				);
				MARKETING_VERSION = 1.0;
				PRODUCT_BUNDLE_IDENTIFIER = com.karen.Project30;
				PRODUCT_NAME = "$(TARGET_NAME)";
				SWIFT_EMIT_LOC_STRINGS = YES;
				SWIFT_VERSION = 5.0;
				TARGETED_DEVICE_FAMILY = "1,2";
			};
			name = Release;
		};
		17A6AB0C2998EEDD003BE599 /* Debug */ = {
			isa = XCBuildConfiguration;
			buildSettings = {
				ALWAYS_EMBED_SWIFT_STANDARD_LIBRARIES = YES;
				BUNDLE_LOADER = "$(TEST_HOST)";
				CODE_SIGN_STYLE = Automatic;
				CURRENT_PROJECT_VERSION = 1;
				DEVELOPMENT_TEAM = LA9F8MT28T;
				GENERATE_INFOPLIST_FILE = YES;
				IPHONEOS_DEPLOYMENT_TARGET = 16.1;
				MARKETING_VERSION = 1.0;
				PRODUCT_BUNDLE_IDENTIFIER = com.karen.Project30Tests;
				PRODUCT_NAME = "$(TARGET_NAME)";
				SWIFT_EMIT_LOC_STRINGS = NO;
				SWIFT_VERSION = 5.0;
				TARGETED_DEVICE_FAMILY = "1,2";
				TEST_HOST = "$(BUILT_PRODUCTS_DIR)/Project30.app/$(BUNDLE_EXECUTABLE_FOLDER_PATH)/Project30";
			};
			name = Debug;
		};
		17A6AB0D2998EEDD003BE599 /* Release */ = {
			isa = XCBuildConfiguration;
			buildSettings = {
				ALWAYS_EMBED_SWIFT_STANDARD_LIBRARIES = YES;
				BUNDLE_LOADER = "$(TEST_HOST)";
				CODE_SIGN_STYLE = Automatic;
				CURRENT_PROJECT_VERSION = 1;
				DEVELOPMENT_TEAM = LA9F8MT28T;
				GENERATE_INFOPLIST_FILE = YES;
				IPHONEOS_DEPLOYMENT_TARGET = 16.1;
				MARKETING_VERSION = 1.0;
				PRODUCT_BUNDLE_IDENTIFIER = com.karen.Project30Tests;
				PRODUCT_NAME = "$(TARGET_NAME)";
				SWIFT_EMIT_LOC_STRINGS = NO;
				SWIFT_VERSION = 5.0;
				TARGETED_DEVICE_FAMILY = "1,2";
				TEST_HOST = "$(BUILT_PRODUCTS_DIR)/Project30.app/$(BUNDLE_EXECUTABLE_FOLDER_PATH)/Project30";
			};
			name = Release;
		};
		17A6AB0F2998EEDD003BE599 /* Debug */ = {
			isa = XCBuildConfiguration;
			buildSettings = {
				ALWAYS_EMBED_SWIFT_STANDARD_LIBRARIES = YES;
				CODE_SIGN_STYLE = Automatic;
				CURRENT_PROJECT_VERSION = 1;
				DEVELOPMENT_TEAM = LA9F8MT28T;
				GENERATE_INFOPLIST_FILE = YES;
				MARKETING_VERSION = 1.0;
				PRODUCT_BUNDLE_IDENTIFIER = com.karen.Project30UITests;
				PRODUCT_NAME = "$(TARGET_NAME)";
				SWIFT_EMIT_LOC_STRINGS = NO;
				SWIFT_VERSION = 5.0;
				TARGETED_DEVICE_FAMILY = "1,2";
				TEST_TARGET_NAME = Project30;
			};
			name = Debug;
		};
		17A6AB102998EEDD003BE599 /* Release */ = {
			isa = XCBuildConfiguration;
			buildSettings = {
				ALWAYS_EMBED_SWIFT_STANDARD_LIBRARIES = YES;
				CODE_SIGN_STYLE = Automatic;
				CURRENT_PROJECT_VERSION = 1;
				DEVELOPMENT_TEAM = LA9F8MT28T;
				GENERATE_INFOPLIST_FILE = YES;
				MARKETING_VERSION = 1.0;
				PRODUCT_BUNDLE_IDENTIFIER = com.karen.Project30UITests;
				PRODUCT_NAME = "$(TARGET_NAME)";
				SWIFT_EMIT_LOC_STRINGS = NO;
				SWIFT_VERSION = 5.0;
				TARGETED_DEVICE_FAMILY = "1,2";
				TEST_TARGET_NAME = Project30;
			};
			name = Release;
		};
/* End XCBuildConfiguration section */

/* Begin XCConfigurationList section */
		17A6AAD92998EEDA003BE599 /* Build configuration list for PBXProject "Project30" */ = {
			isa = XCConfigurationList;
			buildConfigurations = (
				17A6AB062998EEDD003BE599 /* Debug */,
				17A6AB072998EEDD003BE599 /* Release */,
			);
			defaultConfigurationIsVisible = 0;
			defaultConfigurationName = Release;
		};
		17A6AB082998EEDD003BE599 /* Build configuration list for PBXNativeTarget "Project30" */ = {
			isa = XCConfigurationList;
			buildConfigurations = (
				17A6AB092998EEDD003BE599 /* Debug */,
				17A6AB0A2998EEDD003BE599 /* Release */,
			);
			defaultConfigurationIsVisible = 0;
			defaultConfigurationName = Release;
		};
		17A6AB0B2998EEDD003BE599 /* Build configuration list for PBXNativeTarget "Project30Tests" */ = {
			isa = XCConfigurationList;
			buildConfigurations = (
				17A6AB0C2998EEDD003BE599 /* Debug */,
				17A6AB0D2998EEDD003BE599 /* Release */,
			);
			defaultConfigurationIsVisible = 0;
			defaultConfigurationName = Release;
		};
		17A6AB0E2998EEDD003BE599 /* Build configuration list for PBXNativeTarget "Project30UITests" */ = {
			isa = XCConfigurationList;
			buildConfigurations = (
				17A6AB0F2998EEDD003BE599 /* Debug */,
				17A6AB102998EEDD003BE599 /* Release */,
			);
			defaultConfigurationIsVisible = 0;
			defaultConfigurationName = Release;
		};
/* End XCConfigurationList section */
	};
	rootObject = 17A6AAD62998EEDA003BE599 /* Project object */;
}
