// !$*UTF8*$!
{
	archiveVersion = 1;
	classes = {
	};
	objectVersion = 56;
	objects = {

/* Begin PBXBuildFile section */
		17AB11412A07FE9100C854B5 /* AppDelegate.swift in Sources */ = {isa = PBXBuildFile; fileRef = 17AB11402A07FE9100C854B5 /* AppDelegate.swift */; };
		17AB11432A07FE9100C854B5 /* SceneDelegate.swift in Sources */ = {isa = PBXBuildFile; fileRef = 17AB11422A07FE9100C854B5 /* SceneDelegate.swift */; };
		17AB11452A07FE9100C854B5 /* ViewController.swift in Sources */ = {isa = PBXBuildFile; fileRef = 17AB11442A07FE9100C854B5 /* ViewController.swift */; };
		17AB114A2A07FE9300C854B5 /* Assets.xcassets in Resources */ = {isa = PBXBuildFile; fileRef = 17AB11492A07FE9300C854B5 /* Assets.xcassets */; };
		17AB114D2A07FE9300C854B5 /* LaunchScreen.storyboard in Resources */ = {isa = PBXBuildFile; fileRef = 17AB114B2A07FE9300C854B5 /* LaunchScreen.storyboard */; };
		17AB11582A0800C100C854B5 /* ImageView.swift in Sources */ = {isa = PBXBuildFile; fileRef = 17AB11572A0800C100C854B5 /* ImageView.swift */; };
		17AB115A2A0806D800C854B5 /* ButtonView.swift in Sources */ = {isa = PBXBuildFile; fileRef = 17AB11592A0806D800C854B5 /* ButtonView.swift */; };
		17AB115C2A08073300C854B5 /* ToolbarView.swift in Sources */ = {isa = PBXBuildFile; fileRef = 17AB115B2A08073300C854B5 /* ToolbarView.swift */; };
		17AB115E2A080A3800C854B5 /* HorizontalStackView.swift in Sources */ = {isa = PBXBuildFile; fileRef = 17AB115D2A080A3800C854B5 /* HorizontalStackView.swift */; };
		17AB11602A08140500C854B5 /* LabelView.swift in Sources */ = {isa = PBXBuildFile; fileRef = 17AB115F2A08140500C854B5 /* LabelView.swift */; };
/* End PBXBuildFile section */

/* Begin PBXFileReference section */
		17AB113D2A07FE9100C854B5 /* Milestone25-27Programmatically.app */ = {isa = PBXFileReference; explicitFileType = wrapper.application; includeInIndex = 0; path = "Milestone25-27Programmatically.app"; sourceTree = BUILT_PRODUCTS_DIR; };
		17AB11402A07FE9100C854B5 /* AppDelegate.swift */ = {isa = PBXFileReference; lastKnownFileType = sourcecode.swift; path = AppDelegate.swift; sourceTree = "<group>"; };
		17AB11422A07FE9100C854B5 /* SceneDelegate.swift */ = {isa = PBXFileReference; lastKnownFileType = sourcecode.swift; path = SceneDelegate.swift; sourceTree = "<group>"; };
		17AB11442A07FE9100C854B5 /* ViewController.swift */ = {isa = PBXFileReference; lastKnownFileType = sourcecode.swift; path = ViewController.swift; sourceTree = "<group>"; };
		17AB11492A07FE9300C854B5 /* Assets.xcassets */ = {isa = PBXFileReference; lastKnownFileType = folder.assetcatalog; path = Assets.xcassets; sourceTree = "<group>"; };
		17AB114C2A07FE9300C854B5 /* Base */ = {isa = PBXFileReference; lastKnownFileType = file.storyboard; name = Base; path = Base.lproj/LaunchScreen.storyboard; sourceTree = "<group>"; };
		17AB114E2A07FE9300C854B5 /* Info.plist */ = {isa = PBXFileReference; lastKnownFileType = text.plist.xml; path = Info.plist; sourceTree = "<group>"; };
		17AB11572A0800C100C854B5 /* ImageView.swift */ = {isa = PBXFileReference; lastKnownFileType = sourcecode.swift; path = ImageView.swift; sourceTree = "<group>"; };
		17AB11592A0806D800C854B5 /* ButtonView.swift */ = {isa = PBXFileReference; lastKnownFileType = sourcecode.swift; path = ButtonView.swift; sourceTree = "<group>"; };
		17AB115B2A08073300C854B5 /* ToolbarView.swift */ = {isa = PBXFileReference; lastKnownFileType = sourcecode.swift; path = ToolbarView.swift; sourceTree = "<group>"; };
		17AB115D2A080A3800C854B5 /* HorizontalStackView.swift */ = {isa = PBXFileReference; lastKnownFileType = sourcecode.swift; path = HorizontalStackView.swift; sourceTree = "<group>"; };
		17AB115F2A08140500C854B5 /* LabelView.swift */ = {isa = PBXFileReference; lastKnownFileType = sourcecode.swift; path = LabelView.swift; sourceTree = "<group>"; };
/* End PBXFileReference section */

/* Begin PBXFrameworksBuildPhase section */
		17AB113A2A07FE9100C854B5 /* Frameworks */ = {
			isa = PBXFrameworksBuildPhase;
			buildActionMask = 2147483647;
			files = (
			);
			runOnlyForDeploymentPostprocessing = 0;
		};
/* End PBXFrameworksBuildPhase section */

/* Begin PBXGroup section */
		17AB11342A07FE9100C854B5 = {
			isa = PBXGroup;
			children = (
				17AB113F2A07FE9100C854B5 /* Milestone25-27Programmatically */,
				17AB113E2A07FE9100C854B5 /* Products */,
			);
			sourceTree = "<group>";
		};
		17AB113E2A07FE9100C854B5 /* Products */ = {
			isa = PBXGroup;
			children = (
				17AB113D2A07FE9100C854B5 /* Milestone25-27Programmatically.app */,
			);
			name = Products;
			sourceTree = "<group>";
		};
		17AB113F2A07FE9100C854B5 /* Milestone25-27Programmatically */ = {
			isa = PBXGroup;
			children = (
				17AB11542A07FEA700C854B5 /* Application */,
				17AB11562A0800AA00C854B5 /* View */,
				17AB11552A07FEAF00C854B5 /* Controller */,
				17AB11492A07FE9300C854B5 /* Assets.xcassets */,
				17AB114B2A07FE9300C854B5 /* LaunchScreen.storyboard */,
				17AB114E2A07FE9300C854B5 /* Info.plist */,
			);
			path = "Milestone25-27Programmatically";
			sourceTree = "<group>";
		};
		17AB11542A07FEA700C854B5 /* Application */ = {
			isa = PBXGroup;
			children = (
				17AB11402A07FE9100C854B5 /* AppDelegate.swift */,
				17AB11422A07FE9100C854B5 /* SceneDelegate.swift */,
			);
			path = Application;
			sourceTree = "<group>";
		};
		17AB11552A07FEAF00C854B5 /* Controller */ = {
			isa = PBXGroup;
			children = (
				17AB11442A07FE9100C854B5 /* ViewController.swift */,
			);
			path = Controller;
			sourceTree = "<group>";
		};
		17AB11562A0800AA00C854B5 /* View */ = {
			isa = PBXGroup;
			children = (
				17AB11572A0800C100C854B5 /* ImageView.swift */,
				17AB11592A0806D800C854B5 /* ButtonView.swift */,
				17AB115B2A08073300C854B5 /* ToolbarView.swift */,
				17AB115D2A080A3800C854B5 /* HorizontalStackView.swift */,
				17AB115F2A08140500C854B5 /* LabelView.swift */,
			);
			path = View;
			sourceTree = "<group>";
		};
/* End PBXGroup section */

/* Begin PBXNativeTarget section */
		17AB113C2A07FE9100C854B5 /* Milestone25-27Programmatically */ = {
			isa = PBXNativeTarget;
			buildConfigurationList = 17AB11512A07FE9300C854B5 /* Build configuration list for PBXNativeTarget "Milestone25-27Programmatically" */;
			buildPhases = (
				17AB11392A07FE9100C854B5 /* Sources */,
				17AB113A2A07FE9100C854B5 /* Frameworks */,
				17AB113B2A07FE9100C854B5 /* Resources */,
			);
			buildRules = (
			);
			dependencies = (
			);
			name = "Milestone25-27Programmatically";
			productName = "Milestone25-27Programmatically";
			productReference = 17AB113D2A07FE9100C854B5 /* Milestone25-27Programmatically.app */;
			productType = "com.apple.product-type.application";
		};
/* End PBXNativeTarget section */

/* Begin PBXProject section */
		17AB11352A07FE9100C854B5 /* Project object */ = {
			isa = PBXProject;
			attributes = {
				BuildIndependentTargetsInParallel = 1;
				LastSwiftUpdateCheck = 1430;
				LastUpgradeCheck = 1430;
				TargetAttributes = {
					17AB113C2A07FE9100C854B5 = {
						CreatedOnToolsVersion = 14.3;
					};
				};
			};
			buildConfigurationList = 17AB11382A07FE9100C854B5 /* Build configuration list for PBXProject "Milestone25-27Programmatically" */;
			compatibilityVersion = "Xcode 14.0";
			developmentRegion = en;
			hasScannedForEncodings = 0;
			knownRegions = (
				en,
				Base,
			);
			mainGroup = 17AB11342A07FE9100C854B5;
			productRefGroup = 17AB113E2A07FE9100C854B5 /* Products */;
			projectDirPath = "";
			projectRoot = "";
			targets = (
				17AB113C2A07FE9100C854B5 /* Milestone25-27Programmatically */,
			);
		};
/* End PBXProject section */

/* Begin PBXResourcesBuildPhase section */
		17AB113B2A07FE9100C854B5 /* Resources */ = {
			isa = PBXResourcesBuildPhase;
			buildActionMask = 2147483647;
			files = (
				17AB114D2A07FE9300C854B5 /* LaunchScreen.storyboard in Resources */,
				17AB114A2A07FE9300C854B5 /* Assets.xcassets in Resources */,
			);
			runOnlyForDeploymentPostprocessing = 0;
		};
/* End PBXResourcesBuildPhase section */

/* Begin PBXSourcesBuildPhase section */
		17AB11392A07FE9100C854B5 /* Sources */ = {
			isa = PBXSourcesBuildPhase;
			buildActionMask = 2147483647;
			files = (
				17AB11582A0800C100C854B5 /* ImageView.swift in Sources */,
				17AB11452A07FE9100C854B5 /* ViewController.swift in Sources */,
				17AB115C2A08073300C854B5 /* ToolbarView.swift in Sources */,
				17AB115A2A0806D800C854B5 /* ButtonView.swift in Sources */,
				17AB115E2A080A3800C854B5 /* HorizontalStackView.swift in Sources */,
				17AB11602A08140500C854B5 /* LabelView.swift in Sources */,
				17AB11412A07FE9100C854B5 /* AppDelegate.swift in Sources */,
				17AB11432A07FE9100C854B5 /* SceneDelegate.swift in Sources */,
			);
			runOnlyForDeploymentPostprocessing = 0;
		};
/* End PBXSourcesBuildPhase section */

/* Begin PBXVariantGroup section */
		17AB114B2A07FE9300C854B5 /* LaunchScreen.storyboard */ = {
			isa = PBXVariantGroup;
			children = (
				17AB114C2A07FE9300C854B5 /* Base */,
			);
			name = LaunchScreen.storyboard;
			sourceTree = "<group>";
		};
/* End PBXVariantGroup section */

/* Begin XCBuildConfiguration section */
		17AB114F2A07FE9300C854B5 /* Debug */ = {
			isa = XCBuildConfiguration;
			buildSettings = {
				ALWAYS_SEARCH_USER_PATHS = NO;
				CLANG_ANALYZER_NONNULL = YES;
				CLANG_ANALYZER_NUMBER_OBJECT_CONVERSION = YES_AGGRESSIVE;
				CLANG_CXX_LANGUAGE_STANDARD = "gnu++20";
				CLANG_ENABLE_MODULES = YES;
				CLANG_ENABLE_OBJC_ARC = YES;
				CLANG_ENABLE_OBJC_WEAK = YES;
				CLANG_WARN_BLOCK_CAPTURE_AUTORELEASING = YES;
				CLANG_WARN_BOOL_CONVERSION = YES;
				CLANG_WARN_COMMA = YES;
				CLANG_WARN_CONSTANT_CONVERSION = YES;
				CLANG_WARN_DEPRECATED_OBJC_IMPLEMENTATIONS = YES;
				CLANG_WARN_DIRECT_OBJC_ISA_USAGE = YES_ERROR;
				CLANG_WARN_DOCUMENTATION_COMMENTS = YES;
				CLANG_WARN_EMPTY_BODY = YES;
				CLANG_WARN_ENUM_CONVERSION = YES;
				CLANG_WARN_INFINITE_RECURSION = YES;
				CLANG_WARN_INT_CONVERSION = YES;
				CLANG_WARN_NON_LITERAL_NULL_CONVERSION = YES;
				CLANG_WARN_OBJC_IMPLICIT_RETAIN_SELF = YES;
				CLANG_WARN_OBJC_LITERAL_CONVERSION = YES;
				CLANG_WARN_OBJC_ROOT_CLASS = YES_ERROR;
				CLANG_WARN_QUOTED_INCLUDE_IN_FRAMEWORK_HEADER = YES;
				CLANG_WARN_RANGE_LOOP_ANALYSIS = YES;
				CLANG_WARN_STRICT_PROTOTYPES = YES;
				CLANG_WARN_SUSPICIOUS_MOVE = YES;
				CLANG_WARN_UNGUARDED_AVAILABILITY = YES_AGGRESSIVE;
				CLANG_WARN_UNREACHABLE_CODE = YES;
				CLANG_WARN__DUPLICATE_METHOD_MATCH = YES;
				COPY_PHASE_STRIP = NO;
				DEBUG_INFORMATION_FORMAT = dwarf;
				ENABLE_STRICT_OBJC_MSGSEND = YES;
				ENABLE_TESTABILITY = YES;
				GCC_C_LANGUAGE_STANDARD = gnu11;
				GCC_DYNAMIC_NO_PIC = NO;
				GCC_NO_COMMON_BLOCKS = YES;
				GCC_OPTIMIZATION_LEVEL = 0;
				GCC_PREPROCESSOR_DEFINITIONS = (
					"DEBUG=1",
					"$(inherited)",
				);
				GCC_WARN_64_TO_32_BIT_CONVERSION = YES;
				GCC_WARN_ABOUT_RETURN_TYPE = YES_ERROR;
				GCC_WARN_UNDECLARED_SELECTOR = YES;
				GCC_WARN_UNINITIALIZED_AUTOS = YES_AGGRESSIVE;
				GCC_WARN_UNUSED_FUNCTION = YES;
				GCC_WARN_UNUSED_VARIABLE = YES;
				IPHONEOS_DEPLOYMENT_TARGET = 16.4;
				MTL_ENABLE_DEBUG_INFO = INCLUDE_SOURCE;
				MTL_FAST_MATH = YES;
				ONLY_ACTIVE_ARCH = YES;
				SDKROOT = iphoneos;
				SWIFT_ACTIVE_COMPILATION_CONDITIONS = DEBUG;
				SWIFT_OPTIMIZATION_LEVEL = "-Onone";
			};
			name = Debug;
		};
		17AB11502A07FE9300C854B5 /* Release */ = {
			isa = XCBuildConfiguration;
			buildSettings = {
				ALWAYS_SEARCH_USER_PATHS = NO;
				CLANG_ANALYZER_NONNULL = YES;
				CLANG_ANALYZER_NUMBER_OBJECT_CONVERSION = YES_AGGRESSIVE;
				CLANG_CXX_LANGUAGE_STANDARD = "gnu++20";
				CLANG_ENABLE_MODULES = YES;
				CLANG_ENABLE_OBJC_ARC = YES;
				CLANG_ENABLE_OBJC_WEAK = YES;
				CLANG_WARN_BLOCK_CAPTURE_AUTORELEASING = YES;
				CLANG_WARN_BOOL_CONVERSION = YES;
				CLANG_WARN_COMMA = YES;
				CLANG_WARN_CONSTANT_CONVERSION = YES;
				CLANG_WARN_DEPRECATED_OBJC_IMPLEMENTATIONS = YES;
				CLANG_WARN_DIRECT_OBJC_ISA_USAGE = YES_ERROR;
				CLANG_WARN_DOCUMENTATION_COMMENTS = YES;
				CLANG_WARN_EMPTY_BODY = YES;
				CLANG_WARN_ENUM_CONVERSION = YES;
				CLANG_WARN_INFINITE_RECURSION = YES;
				CLANG_WARN_INT_CONVERSION = YES;
				CLANG_WARN_NON_LITERAL_NULL_CONVERSION = YES;
				CLANG_WARN_OBJC_IMPLICIT_RETAIN_SELF = YES;
				CLANG_WARN_OBJC_LITERAL_CONVERSION = YES;
				CLANG_WARN_OBJC_ROOT_CLASS = YES_ERROR;
				CLANG_WARN_QUOTED_INCLUDE_IN_FRAMEWORK_HEADER = YES;
				CLANG_WARN_RANGE_LOOP_ANALYSIS = YES;
				CLANG_WARN_STRICT_PROTOTYPES = YES;
				CLANG_WARN_SUSPICIOUS_MOVE = YES;
				CLANG_WARN_UNGUARDED_AVAILABILITY = YES_AGGRESSIVE;
				CLANG_WARN_UNREACHABLE_CODE = YES;
				CLANG_WARN__DUPLICATE_METHOD_MATCH = YES;
				COPY_PHASE_STRIP = NO;
				DEBUG_INFORMATION_FORMAT = "dwarf-with-dsym";
				ENABLE_NS_ASSERTIONS = NO;
				ENABLE_STRICT_OBJC_MSGSEND = YES;
				GCC_C_LANGUAGE_STANDARD = gnu11;
				GCC_NO_COMMON_BLOCKS = YES;
				GCC_WARN_64_TO_32_BIT_CONVERSION = YES;
				GCC_WARN_ABOUT_RETURN_TYPE = YES_ERROR;
				GCC_WARN_UNDECLARED_SELECTOR = YES;
				GCC_WARN_UNINITIALIZED_AUTOS = YES_AGGRESSIVE;
				GCC_WARN_UNUSED_FUNCTION = YES;
				GCC_WARN_UNUSED_VARIABLE = YES;
				IPHONEOS_DEPLOYMENT_TARGET = 16.4;
				MTL_ENABLE_DEBUG_INFO = NO;
				MTL_FAST_MATH = YES;
				SDKROOT = iphoneos;
				SWIFT_COMPILATION_MODE = wholemodule;
				SWIFT_OPTIMIZATION_LEVEL = "-O";
				VALIDATE_PRODUCT = YES;
			};
			name = Release;
		};
		17AB11522A07FE9300C854B5 /* Debug */ = {
			isa = XCBuildConfiguration;
			buildSettings = {
				ASSETCATALOG_COMPILER_APPICON_NAME = AppIcon;
				ASSETCATALOG_COMPILER_GLOBAL_ACCENT_COLOR_NAME = AccentColor;
				CODE_SIGN_STYLE = Automatic;
				CURRENT_PROJECT_VERSION = 1;
				DEVELOPMENT_TEAM = LA9F8MT28T;
				GENERATE_INFOPLIST_FILE = YES;
				INFOPLIST_FILE = "Milestone25-27Programmatically/Info.plist";
				INFOPLIST_KEY_UIApplicationSupportsIndirectInputEvents = YES;
				INFOPLIST_KEY_UILaunchStoryboardName = LaunchScreen;
				INFOPLIST_KEY_UISupportedInterfaceOrientations_iPad = "UIInterfaceOrientationPortrait UIInterfaceOrientationPortraitUpsideDown UIInterfaceOrientationLandscapeLeft UIInterfaceOrientationLandscapeRight";
				INFOPLIST_KEY_UISupportedInterfaceOrientations_iPhone = "UIInterfaceOrientationPortrait UIInterfaceOrientationLandscapeLeft UIInterfaceOrientationLandscapeRight";
				LD_RUNPATH_SEARCH_PATHS = (
					"$(inherited)",
					"@executable_path/Frameworks",
				);
				MARKETING_VERSION = 1.0;
				PRODUCT_BUNDLE_IDENTIFIER = "com.karen.Milestone25-27Programmatically";
				PRODUCT_NAME = "$(TARGET_NAME)";
				SWIFT_EMIT_LOC_STRINGS = YES;
				SWIFT_VERSION = 5.0;
				TARGETED_DEVICE_FAMILY = "1,2";
			};
			name = Debug;
		};
		17AB11532A07FE9300C854B5 /* Release */ = {
			isa = XCBuildConfiguration;
			buildSettings = {
				ASSETCATALOG_COMPILER_APPICON_NAME = AppIcon;
				ASSETCATALOG_COMPILER_GLOBAL_ACCENT_COLOR_NAME = AccentColor;
				CODE_SIGN_STYLE = Automatic;
				CURRENT_PROJECT_VERSION = 1;
				DEVELOPMENT_TEAM = LA9F8MT28T;
				GENERATE_INFOPLIST_FILE = YES;
				INFOPLIST_FILE = "Milestone25-27Programmatically/Info.plist";
				INFOPLIST_KEY_UIApplicationSupportsIndirectInputEvents = YES;
				INFOPLIST_KEY_UILaunchStoryboardName = LaunchScreen;
				INFOPLIST_KEY_UISupportedInterfaceOrientations_iPad = "UIInterfaceOrientationPortrait UIInterfaceOrientationPortraitUpsideDown UIInterfaceOrientationLandscapeLeft UIInterfaceOrientationLandscapeRight";
				INFOPLIST_KEY_UISupportedInterfaceOrientations_iPhone = "UIInterfaceOrientationPortrait UIInterfaceOrientationLandscapeLeft UIInterfaceOrientationLandscapeRight";
				LD_RUNPATH_SEARCH_PATHS = (
					"$(inherited)",
					"@executable_path/Frameworks",
				);
				MARKETING_VERSION = 1.0;
				PRODUCT_BUNDLE_IDENTIFIER = "com.karen.Milestone25-27Programmatically";
				PRODUCT_NAME = "$(TARGET_NAME)";
				SWIFT_EMIT_LOC_STRINGS = YES;
				SWIFT_VERSION = 5.0;
				TARGETED_DEVICE_FAMILY = "1,2";
			};
			name = Release;
		};
/* End XCBuildConfiguration section */

/* Begin XCConfigurationList section */
		17AB11382A07FE9100C854B5 /* Build configuration list for PBXProject "Milestone25-27Programmatically" */ = {
			isa = XCConfigurationList;
			buildConfigurations = (
				17AB114F2A07FE9300C854B5 /* Debug */,
				17AB11502A07FE9300C854B5 /* Release */,
			);
			defaultConfigurationIsVisible = 0;
			defaultConfigurationName = Release;
		};
		17AB11512A07FE9300C854B5 /* Build configuration list for PBXNativeTarget "Milestone25-27Programmatically" */ = {
			isa = XCConfigurationList;
			buildConfigurations = (
				17AB11522A07FE9300C854B5 /* Debug */,
				17AB11532A07FE9300C854B5 /* Release */,
			);
			defaultConfigurationIsVisible = 0;
			defaultConfigurationName = Release;
		};
/* End XCConfigurationList section */
	};
	rootObject = 17AB11352A07FE9100C854B5 /* Project object */;
}
