// !$*UTF8*$!
{
	archiveVersion = 1;
	classes = {
	};
	objectVersion = 56;
	objects = {

/* Begin PBXBuildFile section */
		176F61B32A09611E0077747F /* AppDelegate.swift in Sources */ = {isa = PBXBuildFile; fileRef = 176F61B22A09611E0077747F /* AppDelegate.swift */; };
		176F61B52A09611E0077747F /* SceneDelegate.swift in Sources */ = {isa = PBXBuildFile; fileRef = 176F61B42A09611E0077747F /* SceneDelegate.swift */; };
		176F61B72A09611E0077747F /* ViewController.swift in Sources */ = {isa = PBXBuildFile; fileRef = 176F61B62A09611E0077747F /* ViewController.swift */; };
		176F61BC2A09611F0077747F /* Assets.xcassets in Resources */ = {isa = PBXBuildFile; fileRef = 176F61BB2A09611F0077747F /* Assets.xcassets */; };
		176F61BF2A09611F0077747F /* LaunchScreen.storyboard in Resources */ = {isa = PBXBuildFile; fileRef = 176F61BD2A09611F0077747F /* LaunchScreen.storyboard */; };
		176F61CB2A0965640077747F /* Button.swift in Sources */ = {isa = PBXBuildFile; fileRef = 176F61CA2A0965640077747F /* Button.swift */; };
		176F61CD2A0965BB0077747F /* TextView.swift in Sources */ = {isa = PBXBuildFile; fileRef = 176F61CC2A0965BB0077747F /* TextView.swift */; };
		176F61D02A096C5C0077747F /* KeychainItemAccessibility.swift in Sources */ = {isa = PBXBuildFile; fileRef = 176F61CE2A096C5C0077747F /* KeychainItemAccessibility.swift */; };
		176F61D12A096C5C0077747F /* KeychainWrapper.swift in Sources */ = {isa = PBXBuildFile; fileRef = 176F61CF2A096C5C0077747F /* KeychainWrapper.swift */; };
/* End PBXBuildFile section */

/* Begin PBXFileReference section */
		176F61AF2A09611E0077747F /* Project28Programmatically.app */ = {isa = PBXFileReference; explicitFileType = wrapper.application; includeInIndex = 0; path = Project28Programmatically.app; sourceTree = BUILT_PRODUCTS_DIR; };
		176F61B22A09611E0077747F /* AppDelegate.swift */ = {isa = PBXFileReference; lastKnownFileType = sourcecode.swift; path = AppDelegate.swift; sourceTree = "<group>"; };
		176F61B42A09611E0077747F /* SceneDelegate.swift */ = {isa = PBXFileReference; lastKnownFileType = sourcecode.swift; path = SceneDelegate.swift; sourceTree = "<group>"; };
		176F61B62A09611E0077747F /* ViewController.swift */ = {isa = PBXFileReference; lastKnownFileType = sourcecode.swift; path = ViewController.swift; sourceTree = "<group>"; };
		176F61BB2A09611F0077747F /* Assets.xcassets */ = {isa = PBXFileReference; lastKnownFileType = folder.assetcatalog; path = Assets.xcassets; sourceTree = "<group>"; };
		176F61BE2A09611F0077747F /* Base */ = {isa = PBXFileReference; lastKnownFileType = file.storyboard; name = Base; path = Base.lproj/LaunchScreen.storyboard; sourceTree = "<group>"; };
		176F61C02A09611F0077747F /* Info.plist */ = {isa = PBXFileReference; lastKnownFileType = text.plist.xml; path = Info.plist; sourceTree = "<group>"; };
		176F61CA2A0965640077747F /* Button.swift */ = {isa = PBXFileReference; lastKnownFileType = sourcecode.swift; path = Button.swift; sourceTree = "<group>"; };
		176F61CC2A0965BB0077747F /* TextView.swift */ = {isa = PBXFileReference; lastKnownFileType = sourcecode.swift; path = TextView.swift; sourceTree = "<group>"; };
		176F61CE2A096C5C0077747F /* KeychainItemAccessibility.swift */ = {isa = PBXFileReference; fileEncoding = 4; lastKnownFileType = sourcecode.swift; path = KeychainItemAccessibility.swift; sourceTree = "<group>"; };
		176F61CF2A096C5C0077747F /* KeychainWrapper.swift */ = {isa = PBXFileReference; fileEncoding = 4; lastKnownFileType = sourcecode.swift; path = KeychainWrapper.swift; sourceTree = "<group>"; };
/* End PBXFileReference section */

/* Begin PBXFrameworksBuildPhase section */
		176F61AC2A09611E0077747F /* Frameworks */ = {
			isa = PBXFrameworksBuildPhase;
			buildActionMask = 2147483647;
			files = (
			);
			runOnlyForDeploymentPostprocessing = 0;
		};
/* End PBXFrameworksBuildPhase section */

/* Begin PBXGroup section */
		176F61A62A09611D0077747F = {
			isa = PBXGroup;
			children = (
				176F61B12A09611E0077747F /* Project28Programmatically */,
				176F61B02A09611E0077747F /* Products */,
			);
			sourceTree = "<group>";
		};
		176F61B02A09611E0077747F /* Products */ = {
			isa = PBXGroup;
			children = (
				176F61AF2A09611E0077747F /* Project28Programmatically.app */,
			);
			name = Products;
			sourceTree = "<group>";
		};
		176F61B12A09611E0077747F /* Project28Programmatically */ = {
			isa = PBXGroup;
			children = (
				176F61C72A09618C0077747F /* Application */,
				176F61C92A0965570077747F /* View */,
				176F61C82A0961980077747F /* Controller */,
				176F61C62A09615E0077747F /* Resources */,
			);
			path = Project28Programmatically;
			sourceTree = "<group>";
		};
		176F61C62A09615E0077747F /* Resources */ = {
			isa = PBXGroup;
			children = (
				176F61CE2A096C5C0077747F /* KeychainItemAccessibility.swift */,
				176F61CF2A096C5C0077747F /* KeychainWrapper.swift */,
				176F61BB2A09611F0077747F /* Assets.xcassets */,
				176F61BD2A09611F0077747F /* LaunchScreen.storyboard */,
				176F61C02A09611F0077747F /* Info.plist */,
			);
			path = Resources;
			sourceTree = "<group>";
		};
		176F61C72A09618C0077747F /* Application */ = {
			isa = PBXGroup;
			children = (
				176F61B22A09611E0077747F /* AppDelegate.swift */,
				176F61B42A09611E0077747F /* SceneDelegate.swift */,
			);
			path = Application;
			sourceTree = "<group>";
		};
		176F61C82A0961980077747F /* Controller */ = {
			isa = PBXGroup;
			children = (
				176F61B62A09611E0077747F /* ViewController.swift */,
			);
			path = Controller;
			sourceTree = "<group>";
		};
		176F61C92A0965570077747F /* View */ = {
			isa = PBXGroup;
			children = (
				176F61CA2A0965640077747F /* Button.swift */,
				176F61CC2A0965BB0077747F /* TextView.swift */,
			);
			path = View;
			sourceTree = "<group>";
		};
/* End PBXGroup section */

/* Begin PBXNativeTarget section */
		176F61AE2A09611E0077747F /* Project28Programmatically */ = {
			isa = PBXNativeTarget;
			buildConfigurationList = 176F61C32A09611F0077747F /* Build configuration list for PBXNativeTarget "Project28Programmatically" */;
			buildPhases = (
				176F61AB2A09611E0077747F /* Sources */,
				176F61AC2A09611E0077747F /* Frameworks */,
				176F61AD2A09611E0077747F /* Resources */,
			);
			buildRules = (
			);
			dependencies = (
			);
			name = Project28Programmatically;
			productName = Project28Programmatically;
			productReference = 176F61AF2A09611E0077747F /* Project28Programmatically.app */;
			productType = "com.apple.product-type.application";
		};
/* End PBXNativeTarget section */

/* Begin PBXProject section */
		176F61A72A09611D0077747F /* Project object */ = {
			isa = PBXProject;
			attributes = {
				BuildIndependentTargetsInParallel = 1;
				LastSwiftUpdateCheck = 1430;
				LastUpgradeCheck = 1430;
				TargetAttributes = {
					176F61AE2A09611E0077747F = {
						CreatedOnToolsVersion = 14.3;
					};
				};
			};
			buildConfigurationList = 176F61AA2A09611D0077747F /* Build configuration list for PBXProject "Project28Programmatically" */;
			compatibilityVersion = "Xcode 14.0";
			developmentRegion = en;
			hasScannedForEncodings = 0;
			knownRegions = (
				en,
				Base,
			);
			mainGroup = 176F61A62A09611D0077747F;
			productRefGroup = 176F61B02A09611E0077747F /* Products */;
			projectDirPath = "";
			projectRoot = "";
			targets = (
				176F61AE2A09611E0077747F /* Project28Programmatically */,
			);
		};
/* End PBXProject section */

/* Begin PBXResourcesBuildPhase section */
		176F61AD2A09611E0077747F /* Resources */ = {
			isa = PBXResourcesBuildPhase;
			buildActionMask = 2147483647;
			files = (
				176F61BF2A09611F0077747F /* LaunchScreen.storyboard in Resources */,
				176F61BC2A09611F0077747F /* Assets.xcassets in Resources */,
			);
			runOnlyForDeploymentPostprocessing = 0;
		};
/* End PBXResourcesBuildPhase section */

/* Begin PBXSourcesBuildPhase section */
		176F61AB2A09611E0077747F /* Sources */ = {
			isa = PBXSourcesBuildPhase;
			buildActionMask = 2147483647;
			files = (
				176F61B72A09611E0077747F /* ViewController.swift in Sources */,
				176F61B32A09611E0077747F /* AppDelegate.swift in Sources */,
				176F61B52A09611E0077747F /* SceneDelegate.swift in Sources */,
				176F61D12A096C5C0077747F /* KeychainWrapper.swift in Sources */,
				176F61CB2A0965640077747F /* Button.swift in Sources */,
				176F61CD2A0965BB0077747F /* TextView.swift in Sources */,
				176F61D02A096C5C0077747F /* KeychainItemAccessibility.swift in Sources */,
			);
			runOnlyForDeploymentPostprocessing = 0;
		};
/* End PBXSourcesBuildPhase section */

/* Begin PBXVariantGroup section */
		176F61BD2A09611F0077747F /* LaunchScreen.storyboard */ = {
			isa = PBXVariantGroup;
			children = (
				176F61BE2A09611F0077747F /* Base */,
			);
			name = LaunchScreen.storyboard;
			sourceTree = "<group>";
		};
/* End PBXVariantGroup section */

/* Begin XCBuildConfiguration section */
		176F61C12A09611F0077747F /* Debug */ = {
			isa = XCBuildConfiguration;
			buildSettings = {
				ALWAYS_SEARCH_USER_PATHS = NO;
				CLANG_ANALYZER_NONNULL = YES;
				CLANG_ANALYZER_NUMBER_OBJECT_CONVERSION = YES_AGGRESSIVE;
				CLANG_CXX_LANGUAGE_STANDARD = "gnu++20";
				CLANG_ENABLE_MODULES = YES;
				CLANG_ENABLE_OBJC_ARC = YES;
				CLANG_ENABLE_OBJC_WEAK = YES;
				CLANG_WARN_BLOCK_CAPTURE_AUTORELEASING = YES;
				CLANG_WARN_BOOL_CONVERSION = YES;
				CLANG_WARN_COMMA = YES;
				CLANG_WARN_CONSTANT_CONVERSION = YES;
				CLANG_WARN_DEPRECATED_OBJC_IMPLEMENTATIONS = YES;
				CLANG_WARN_DIRECT_OBJC_ISA_USAGE = YES_ERROR;
				CLANG_WARN_DOCUMENTATION_COMMENTS = YES;
				CLANG_WARN_EMPTY_BODY = YES;
				CLANG_WARN_ENUM_CONVERSION = YES;
				CLANG_WARN_INFINITE_RECURSION = YES;
				CLANG_WARN_INT_CONVERSION = YES;
				CLANG_WARN_NON_LITERAL_NULL_CONVERSION = YES;
				CLANG_WARN_OBJC_IMPLICIT_RETAIN_SELF = YES;
				CLANG_WARN_OBJC_LITERAL_CONVERSION = YES;
				CLANG_WARN_OBJC_ROOT_CLASS = YES_ERROR;
				CLANG_WARN_QUOTED_INCLUDE_IN_FRAMEWORK_HEADER = YES;
				CLANG_WARN_RANGE_LOOP_ANALYSIS = YES;
				CLANG_WARN_STRICT_PROTOTYPES = YES;
				CLANG_WARN_SUSPICIOUS_MOVE = YES;
				CLANG_WARN_UNGUARDED_AVAILABILITY = YES_AGGRESSIVE;
				CLANG_WARN_UNREACHABLE_CODE = YES;
				CLANG_WARN__DUPLICATE_METHOD_MATCH = YES;
				COPY_PHASE_STRIP = NO;
				DEBUG_INFORMATION_FORMAT = dwarf;
				ENABLE_STRICT_OBJC_MSGSEND = YES;
				ENABLE_TESTABILITY = YES;
				GCC_C_LANGUAGE_STANDARD = gnu11;
				GCC_DYNAMIC_NO_PIC = NO;
				GCC_NO_COMMON_BLOCKS = YES;
				GCC_OPTIMIZATION_LEVEL = 0;
				GCC_PREPROCESSOR_DEFINITIONS = (
					"DEBUG=1",
					"$(inherited)",
				);
				GCC_WARN_64_TO_32_BIT_CONVERSION = YES;
				GCC_WARN_ABOUT_RETURN_TYPE = YES_ERROR;
				GCC_WARN_UNDECLARED_SELECTOR = YES;
				GCC_WARN_UNINITIALIZED_AUTOS = YES_AGGRESSIVE;
				GCC_WARN_UNUSED_FUNCTION = YES;
				GCC_WARN_UNUSED_VARIABLE = YES;
				IPHONEOS_DEPLOYMENT_TARGET = 16.4;
				MTL_ENABLE_DEBUG_INFO = INCLUDE_SOURCE;
				MTL_FAST_MATH = YES;
				ONLY_ACTIVE_ARCH = YES;
				SDKROOT = iphoneos;
				SWIFT_ACTIVE_COMPILATION_CONDITIONS = DEBUG;
				SWIFT_OPTIMIZATION_LEVEL = "-Onone";
			};
			name = Debug;
		};
		176F61C22A09611F0077747F /* Release */ = {
			isa = XCBuildConfiguration;
			buildSettings = {
				ALWAYS_SEARCH_USER_PATHS = NO;
				CLANG_ANALYZER_NONNULL = YES;
				CLANG_ANALYZER_NUMBER_OBJECT_CONVERSION = YES_AGGRESSIVE;
				CLANG_CXX_LANGUAGE_STANDARD = "gnu++20";
				CLANG_ENABLE_MODULES = YES;
				CLANG_ENABLE_OBJC_ARC = YES;
				CLANG_ENABLE_OBJC_WEAK = YES;
				CLANG_WARN_BLOCK_CAPTURE_AUTORELEASING = YES;
				CLANG_WARN_BOOL_CONVERSION = YES;
				CLANG_WARN_COMMA = YES;
				CLANG_WARN_CONSTANT_CONVERSION = YES;
				CLANG_WARN_DEPRECATED_OBJC_IMPLEMENTATIONS = YES;
				CLANG_WARN_DIRECT_OBJC_ISA_USAGE = YES_ERROR;
				CLANG_WARN_DOCUMENTATION_COMMENTS = YES;
				CLANG_WARN_EMPTY_BODY = YES;
				CLANG_WARN_ENUM_CONVERSION = YES;
				CLANG_WARN_INFINITE_RECURSION = YES;
				CLANG_WARN_INT_CONVERSION = YES;
				CLANG_WARN_NON_LITERAL_NULL_CONVERSION = YES;
				CLANG_WARN_OBJC_IMPLICIT_RETAIN_SELF = YES;
				CLANG_WARN_OBJC_LITERAL_CONVERSION = YES;
				CLANG_WARN_OBJC_ROOT_CLASS = YES_ERROR;
				CLANG_WARN_QUOTED_INCLUDE_IN_FRAMEWORK_HEADER = YES;
				CLANG_WARN_RANGE_LOOP_ANALYSIS = YES;
				CLANG_WARN_STRICT_PROTOTYPES = YES;
				CLANG_WARN_SUSPICIOUS_MOVE = YES;
				CLANG_WARN_UNGUARDED_AVAILABILITY = YES_AGGRESSIVE;
				CLANG_WARN_UNREACHABLE_CODE = YES;
				CLANG_WARN__DUPLICATE_METHOD_MATCH = YES;
				COPY_PHASE_STRIP = NO;
				DEBUG_INFORMATION_FORMAT = "dwarf-with-dsym";
				ENABLE_NS_ASSERTIONS = NO;
				ENABLE_STRICT_OBJC_MSGSEND = YES;
				GCC_C_LANGUAGE_STANDARD = gnu11;
				GCC_NO_COMMON_BLOCKS = YES;
				GCC_WARN_64_TO_32_BIT_CONVERSION = YES;
				GCC_WARN_ABOUT_RETURN_TYPE = YES_ERROR;
				GCC_WARN_UNDECLARED_SELECTOR = YES;
				GCC_WARN_UNINITIALIZED_AUTOS = YES_AGGRESSIVE;
				GCC_WARN_UNUSED_FUNCTION = YES;
				GCC_WARN_UNUSED_VARIABLE = YES;
				IPHONEOS_DEPLOYMENT_TARGET = 16.4;
				MTL_ENABLE_DEBUG_INFO = NO;
				MTL_FAST_MATH = YES;
				SDKROOT = iphoneos;
				SWIFT_COMPILATION_MODE = wholemodule;
				SWIFT_OPTIMIZATION_LEVEL = "-O";
				VALIDATE_PRODUCT = YES;
			};
			name = Release;
		};
		176F61C42A09611F0077747F /* Debug */ = {
			isa = XCBuildConfiguration;
			buildSettings = {
				ASSETCATALOG_COMPILER_APPICON_NAME = AppIcon;
				ASSETCATALOG_COMPILER_GLOBAL_ACCENT_COLOR_NAME = AccentColor;
				CODE_SIGN_STYLE = Automatic;
				CURRENT_PROJECT_VERSION = 1;
				DEVELOPMENT_TEAM = LA9F8MT28T;
				GENERATE_INFOPLIST_FILE = YES;
				INFOPLIST_FILE = Project28Programmatically/Resources/Info.plist;
				INFOPLIST_KEY_UIApplicationSupportsIndirectInputEvents = YES;
				INFOPLIST_KEY_UILaunchStoryboardName = LaunchScreen;
				INFOPLIST_KEY_UISupportedInterfaceOrientations_iPad = "UIInterfaceOrientationPortrait UIInterfaceOrientationPortraitUpsideDown UIInterfaceOrientationLandscapeLeft UIInterfaceOrientationLandscapeRight";
				INFOPLIST_KEY_UISupportedInterfaceOrientations_iPhone = "UIInterfaceOrientationPortrait UIInterfaceOrientationLandscapeLeft UIInterfaceOrientationLandscapeRight";
				LD_RUNPATH_SEARCH_PATHS = (
					"$(inherited)",
					"@executable_path/Frameworks",
				);
				MARKETING_VERSION = 1.0;
				PRODUCT_BUNDLE_IDENTIFIER = com.karen.Project28Programmatically;
				PRODUCT_NAME = "$(TARGET_NAME)";
				SWIFT_EMIT_LOC_STRINGS = YES;
				SWIFT_VERSION = 5.0;
				TARGETED_DEVICE_FAMILY = "1,2";
			};
			name = Debug;
		};
		176F61C52A09611F0077747F /* Release */ = {
			isa = XCBuildConfiguration;
			buildSettings = {
				ASSETCATALOG_COMPILER_APPICON_NAME = AppIcon;
				ASSETCATALOG_COMPILER_GLOBAL_ACCENT_COLOR_NAME = AccentColor;
				CODE_SIGN_STYLE = Automatic;
				CURRENT_PROJECT_VERSION = 1;
				DEVELOPMENT_TEAM = LA9F8MT28T;
				GENERATE_INFOPLIST_FILE = YES;
				INFOPLIST_FILE = Project28Programmatically/Resources/Info.plist;
				INFOPLIST_KEY_UIApplicationSupportsIndirectInputEvents = YES;
				INFOPLIST_KEY_UILaunchStoryboardName = LaunchScreen;
				INFOPLIST_KEY_UISupportedInterfaceOrientations_iPad = "UIInterfaceOrientationPortrait UIInterfaceOrientationPortraitUpsideDown UIInterfaceOrientationLandscapeLeft UIInterfaceOrientationLandscapeRight";
				INFOPLIST_KEY_UISupportedInterfaceOrientations_iPhone = "UIInterfaceOrientationPortrait UIInterfaceOrientationLandscapeLeft UIInterfaceOrientationLandscapeRight";
				LD_RUNPATH_SEARCH_PATHS = (
					"$(inherited)",
					"@executable_path/Frameworks",
				);
				MARKETING_VERSION = 1.0;
				PRODUCT_BUNDLE_IDENTIFIER = com.karen.Project28Programmatically;
				PRODUCT_NAME = "$(TARGET_NAME)";
				SWIFT_EMIT_LOC_STRINGS = YES;
				SWIFT_VERSION = 5.0;
				TARGETED_DEVICE_FAMILY = "1,2";
			};
			name = Release;
		};
/* End XCBuildConfiguration section */

/* Begin XCConfigurationList section */
		176F61AA2A09611D0077747F /* Build configuration list for PBXProject "Project28Programmatically" */ = {
			isa = XCConfigurationList;
			buildConfigurations = (
				176F61C12A09611F0077747F /* Debug */,
				176F61C22A09611F0077747F /* Release */,
			);
			defaultConfigurationIsVisible = 0;
			defaultConfigurationName = Release;
		};
		176F61C32A09611F0077747F /* Build configuration list for PBXNativeTarget "Project28Programmatically" */ = {
			isa = XCConfigurationList;
			buildConfigurations = (
				176F61C42A09611F0077747F /* Debug */,
				176F61C52A09611F0077747F /* Release */,
			);
			defaultConfigurationIsVisible = 0;
			defaultConfigurationName = Release;
		};
/* End XCConfigurationList section */
	};
	rootObject = 176F61A72A09611D0077747F /* Project object */;
}
