// !$*UTF8*$!
{
	archiveVersion = 1;
	classes = {
	};
	objectVersion = 56;
	objects = {

/* Begin PBXBuildFile section */
		17D4BC9A29BDC76E00C97F9C /* SwiftUIMilestone10_12App.swift in Sources */ = {isa = PBXBuildFile; fileRef = 17D4BC9929BDC76E00C97F9C /* SwiftUIMilestone10_12App.swift */; };
		17D4BC9C29BDC76E00C97F9C /* ContentView.swift in Sources */ = {isa = PBXBuildFile; fileRef = 17D4BC9B29BDC76E00C97F9C /* ContentView.swift */; };
		17D4BC9E29BDC76F00C97F9C /* Assets.xcassets in Resources */ = {isa = PBXBuildFile; fileRef = 17D4BC9D29BDC76F00C97F9C /* Assets.xcassets */; };
		17D4BCA129BDC76F00C97F9C /* Preview Assets.xcassets in Resources */ = {isa = PBXBuildFile; fileRef = 17D4BCA029BDC76F00C97F9C /* Preview Assets.xcassets */; };
		17D4BCA929BDD26B00C97F9C /* DetailView.swift in Sources */ = {isa = PBXBuildFile; fileRef = 17D4BCA829BDD26B00C97F9C /* DetailView.swift */; };
		17D4BCAC29BDD43B00C97F9C /* FriendsModel.swift in Sources */ = {isa = PBXBuildFile; fileRef = 17D4BCAB29BDD43B00C97F9C /* FriendsModel.swift */; };
		17D4BCAE29BDD50300C97F9C /* UserModel.swift in Sources */ = {isa = PBXBuildFile; fileRef = 17D4BCAD29BDD50300C97F9C /* UserModel.swift */; };
		17D4BCB429BE5AC600C97F9C /* DataModel.swift in Sources */ = {isa = PBXBuildFile; fileRef = 17D4BCB329BE5AC600C97F9C /* DataModel.swift */; };
		17D4BCB729BF3FC100C97F9C /* CoreDataMilestone10-12.xcdatamodeld in Sources */ = {isa = PBXBuildFile; fileRef = 17D4BCB529BF3FC100C97F9C /* CoreDataMilestone10-12.xcdatamodeld */; };
		17D4BCB929BF414200C97F9C /* DataController.swift in Sources */ = {isa = PBXBuildFile; fileRef = 17D4BCB829BF414200C97F9C /* DataController.swift */; };
		17D4BCBF29BF459800C97F9C /* CachedUser+CoreDataClass.swift in Sources */ = {isa = PBXBuildFile; fileRef = 17D4BCBB29BF459800C97F9C /* CachedUser+CoreDataClass.swift */; };
		17D4BCC029BF459800C97F9C /* CachedUser+CoreDataProperties.swift in Sources */ = {isa = PBXBuildFile; fileRef = 17D4BCBC29BF459800C97F9C /* CachedUser+CoreDataProperties.swift */; };
		17D4BCC129BF459800C97F9C /* CachedFriend+CoreDataClass.swift in Sources */ = {isa = PBXBuildFile; fileRef = 17D4BCBD29BF459800C97F9C /* CachedFriend+CoreDataClass.swift */; };
		17D4BCC229BF459800C97F9C /* CachedFriend+CoreDataProperties.swift in Sources */ = {isa = PBXBuildFile; fileRef = 17D4BCBE29BF459800C97F9C /* CachedFriend+CoreDataProperties.swift */; };
/* End PBXBuildFile section */

/* Begin PBXFileReference section */
		17D4BC9629BDC76E00C97F9C /* SwiftUIMilestone10-12.app */ = {isa = PBXFileReference; explicitFileType = wrapper.application; includeInIndex = 0; path = "SwiftUIMilestone10-12.app"; sourceTree = BUILT_PRODUCTS_DIR; };
		17D4BC9929BDC76E00C97F9C /* SwiftUIMilestone10_12App.swift */ = {isa = PBXFileReference; lastKnownFileType = sourcecode.swift; path = SwiftUIMilestone10_12App.swift; sourceTree = "<group>"; };
		17D4BC9B29BDC76E00C97F9C /* ContentView.swift */ = {isa = PBXFileReference; lastKnownFileType = sourcecode.swift; path = ContentView.swift; sourceTree = "<group>"; };
		17D4BC9D29BDC76F00C97F9C /* Assets.xcassets */ = {isa = PBXFileReference; lastKnownFileType = folder.assetcatalog; path = Assets.xcassets; sourceTree = "<group>"; };
		17D4BCA029BDC76F00C97F9C /* Preview Assets.xcassets */ = {isa = PBXFileReference; lastKnownFileType = folder.assetcatalog; path = "Preview Assets.xcassets"; sourceTree = "<group>"; };
		17D4BCA829BDD26B00C97F9C /* DetailView.swift */ = {isa = PBXFileReference; lastKnownFileType = sourcecode.swift; path = DetailView.swift; sourceTree = "<group>"; };
		17D4BCAB29BDD43B00C97F9C /* FriendsModel.swift */ = {isa = PBXFileReference; lastKnownFileType = sourcecode.swift; path = FriendsModel.swift; sourceTree = "<group>"; };
		17D4BCAD29BDD50300C97F9C /* UserModel.swift */ = {isa = PBXFileReference; lastKnownFileType = sourcecode.swift; path = UserModel.swift; sourceTree = "<group>"; };
		17D4BCB329BE5AC600C97F9C /* DataModel.swift */ = {isa = PBXFileReference; lastKnownFileType = sourcecode.swift; path = DataModel.swift; sourceTree = "<group>"; };
		17D4BCB629BF3FC100C97F9C /* CoreDataMilestone10-12.xcdatamodel */ = {isa = PBXFileReference; lastKnownFileType = wrapper.xcdatamodel; path = "CoreDataMilestone10-12.xcdatamodel"; sourceTree = "<group>"; };
		17D4BCB829BF414200C97F9C /* DataController.swift */ = {isa = PBXFileReference; lastKnownFileType = sourcecode.swift; path = DataController.swift; sourceTree = "<group>"; };
		17D4BCBB29BF459800C97F9C /* CachedUser+CoreDataClass.swift */ = {isa = PBXFileReference; lastKnownFileType = sourcecode.swift; path = "CachedUser+CoreDataClass.swift"; sourceTree = "<group>"; };
		17D4BCBC29BF459800C97F9C /* CachedUser+CoreDataProperties.swift */ = {isa = PBXFileReference; lastKnownFileType = sourcecode.swift; path = "CachedUser+CoreDataProperties.swift"; sourceTree = "<group>"; };
		17D4BCBD29BF459800C97F9C /* CachedFriend+CoreDataClass.swift */ = {isa = PBXFileReference; lastKnownFileType = sourcecode.swift; path = "CachedFriend+CoreDataClass.swift"; sourceTree = "<group>"; };
		17D4BCBE29BF459800C97F9C /* CachedFriend+CoreDataProperties.swift */ = {isa = PBXFileReference; lastKnownFileType = sourcecode.swift; path = "CachedFriend+CoreDataProperties.swift"; sourceTree = "<group>"; };
/* End PBXFileReference section */

/* Begin PBXFrameworksBuildPhase section */
		17D4BC9329BDC76E00C97F9C /* Frameworks */ = {
			isa = PBXFrameworksBuildPhase;
			buildActionMask = 2147483647;
			files = (
			);
			runOnlyForDeploymentPostprocessing = 0;
		};
/* End PBXFrameworksBuildPhase section */

/* Begin PBXGroup section */
		17D4BC8D29BDC76E00C97F9C = {
			isa = PBXGroup;
			children = (
				17D4BC9829BDC76E00C97F9C /* SwiftUIMilestone10-12 */,
				17D4BC9729BDC76E00C97F9C /* Products */,
			);
			sourceTree = "<group>";
		};
		17D4BC9729BDC76E00C97F9C /* Products */ = {
			isa = PBXGroup;
			children = (
				17D4BC9629BDC76E00C97F9C /* SwiftUIMilestone10-12.app */,
			);
			name = Products;
			sourceTree = "<group>";
		};
		17D4BC9829BDC76E00C97F9C /* SwiftUIMilestone10-12 */ = {
			isa = PBXGroup;
			children = (
				17D4BCAA29BDD42900C97F9C /* Model */,
				17D4BCA729BDD25F00C97F9C /* View */,
				17D4BC9D29BDC76F00C97F9C /* Assets.xcassets */,
				17D4BC9F29BDC76F00C97F9C /* Preview Content */,
			);
			path = "SwiftUIMilestone10-12";
			sourceTree = "<group>";
		};
		17D4BC9F29BDC76F00C97F9C /* Preview Content */ = {
			isa = PBXGroup;
			children = (
				17D4BCA029BDC76F00C97F9C /* Preview Assets.xcassets */,
			);
			path = "Preview Content";
			sourceTree = "<group>";
		};
		17D4BCA729BDD25F00C97F9C /* View */ = {
			isa = PBXGroup;
			children = (
				17D4BCA829BDD26B00C97F9C /* DetailView.swift */,
				17D4BC9B29BDC76E00C97F9C /* ContentView.swift */,
				17D4BC9929BDC76E00C97F9C /* SwiftUIMilestone10_12App.swift */,
			);
			path = View;
			sourceTree = "<group>";
		};
		17D4BCAA29BDD42900C97F9C /* Model */ = {
			isa = PBXGroup;
			children = (
				17D4BCAB29BDD43B00C97F9C /* FriendsModel.swift */,
				17D4BCAD29BDD50300C97F9C /* UserModel.swift */,
				17D4BCB329BE5AC600C97F9C /* DataModel.swift */,
				17D4BCBA29BF428400C97F9C /* Data */,
			);
			path = Model;
			sourceTree = "<group>";
		};
		17D4BCBA29BF428400C97F9C /* Data */ = {
			isa = PBXGroup;
			children = (
				17D4BCBB29BF459800C97F9C /* CachedUser+CoreDataClass.swift */,
				17D4BCBC29BF459800C97F9C /* CachedUser+CoreDataProperties.swift */,
				17D4BCBD29BF459800C97F9C /* CachedFriend+CoreDataClass.swift */,
				17D4BCBE29BF459800C97F9C /* CachedFriend+CoreDataProperties.swift */,
				17D4BCB529BF3FC100C97F9C /* CoreDataMilestone10-12.xcdatamodeld */,
				17D4BCB829BF414200C97F9C /* DataController.swift */,
			);
			path = Data;
			sourceTree = "<group>";
		};
/* End PBXGroup section */

/* Begin PBXNativeTarget section */
		17D4BC9529BDC76E00C97F9C /* SwiftUIMilestone10-12 */ = {
			isa = PBXNativeTarget;
			buildConfigurationList = 17D4BCA429BDC76F00C97F9C /* Build configuration list for PBXNativeTarget "SwiftUIMilestone10-12" */;
			buildPhases = (
				17D4BC9229BDC76E00C97F9C /* Sources */,
				17D4BC9329BDC76E00C97F9C /* Frameworks */,
				17D4BC9429BDC76E00C97F9C /* Resources */,
			);
			buildRules = (
			);
			dependencies = (
			);
			name = "SwiftUIMilestone10-12";
			productName = "SwiftUIMilestone10-12";
			productReference = 17D4BC9629BDC76E00C97F9C /* SwiftUIMilestone10-12.app */;
			productType = "com.apple.product-type.application";
		};
/* End PBXNativeTarget section */

/* Begin PBXProject section */
		17D4BC8E29BDC76E00C97F9C /* Project object */ = {
			isa = PBXProject;
			attributes = {
				BuildIndependentTargetsInParallel = 1;
				LastSwiftUpdateCheck = 1410;
				LastUpgradeCheck = 1410;
				TargetAttributes = {
					17D4BC9529BDC76E00C97F9C = {
						CreatedOnToolsVersion = 14.1;
					};
				};
			};
			buildConfigurationList = 17D4BC9129BDC76E00C97F9C /* Build configuration list for PBXProject "SwiftUIMilestone10-12" */;
			compatibilityVersion = "Xcode 14.0";
			developmentRegion = en;
			hasScannedForEncodings = 0;
			knownRegions = (
				en,
				Base,
			);
			mainGroup = 17D4BC8D29BDC76E00C97F9C;
			productRefGroup = 17D4BC9729BDC76E00C97F9C /* Products */;
			projectDirPath = "";
			projectRoot = "";
			targets = (
				17D4BC9529BDC76E00C97F9C /* SwiftUIMilestone10-12 */,
			);
		};
/* End PBXProject section */

/* Begin PBXResourcesBuildPhase section */
		17D4BC9429BDC76E00C97F9C /* Resources */ = {
			isa = PBXResourcesBuildPhase;
			buildActionMask = 2147483647;
			files = (
				17D4BCA129BDC76F00C97F9C /* Preview Assets.xcassets in Resources */,
				17D4BC9E29BDC76F00C97F9C /* Assets.xcassets in Resources */,
			);
			runOnlyForDeploymentPostprocessing = 0;
		};
/* End PBXResourcesBuildPhase section */

/* Begin PBXSourcesBuildPhase section */
		17D4BC9229BDC76E00C97F9C /* Sources */ = {
			isa = PBXSourcesBuildPhase;
			buildActionMask = 2147483647;
			files = (
				17D4BC9C29BDC76E00C97F9C /* ContentView.swift in Sources */,
				17D4BCAC29BDD43B00C97F9C /* FriendsModel.swift in Sources */,
				17D4BCC029BF459800C97F9C /* CachedUser+CoreDataProperties.swift in Sources */,
				17D4BCA929BDD26B00C97F9C /* DetailView.swift in Sources */,
				17D4BCAE29BDD50300C97F9C /* UserModel.swift in Sources */,
				17D4BCBF29BF459800C97F9C /* CachedUser+CoreDataClass.swift in Sources */,
				17D4BCB729BF3FC100C97F9C /* CoreDataMilestone10-12.xcdatamodeld in Sources */,
				17D4BCC229BF459800C97F9C /* CachedFriend+CoreDataProperties.swift in Sources */,
				17D4BCB929BF414200C97F9C /* DataController.swift in Sources */,
				17D4BCC129BF459800C97F9C /* CachedFriend+CoreDataClass.swift in Sources */,
				17D4BCB429BE5AC600C97F9C /* DataModel.swift in Sources */,
				17D4BC9A29BDC76E00C97F9C /* SwiftUIMilestone10_12App.swift in Sources */,
			);
			runOnlyForDeploymentPostprocessing = 0;
		};
/* End PBXSourcesBuildPhase section */

/* Begin XCBuildConfiguration section */
		17D4BCA229BDC76F00C97F9C /* Debug */ = {
			isa = XCBuildConfiguration;
			buildSettings = {
				ALWAYS_SEARCH_USER_PATHS = NO;
				CLANG_ANALYZER_NONNULL = YES;
				CLANG_ANALYZER_NUMBER_OBJECT_CONVERSION = YES_AGGRESSIVE;
				CLANG_CXX_LANGUAGE_STANDARD = "gnu++20";
				CLANG_ENABLE_MODULES = YES;
				CLANG_ENABLE_OBJC_ARC = YES;
				CLANG_ENABLE_OBJC_WEAK = YES;
				CLANG_WARN_BLOCK_CAPTURE_AUTORELEASING = YES;
				CLANG_WARN_BOOL_CONVERSION = YES;
				CLANG_WARN_COMMA = YES;
				CLANG_WARN_CONSTANT_CONVERSION = YES;
				CLANG_WARN_DEPRECATED_OBJC_IMPLEMENTATIONS = YES;
				CLANG_WARN_DIRECT_OBJC_ISA_USAGE = YES_ERROR;
				CLANG_WARN_DOCUMENTATION_COMMENTS = YES;
				CLANG_WARN_EMPTY_BODY = YES;
				CLANG_WARN_ENUM_CONVERSION = YES;
				CLANG_WARN_INFINITE_RECURSION = YES;
				CLANG_WARN_INT_CONVERSION = YES;
				CLANG_WARN_NON_LITERAL_NULL_CONVERSION = YES;
				CLANG_WARN_OBJC_IMPLICIT_RETAIN_SELF = YES;
				CLANG_WARN_OBJC_LITERAL_CONVERSION = YES;
				CLANG_WARN_OBJC_ROOT_CLASS = YES_ERROR;
				CLANG_WARN_QUOTED_INCLUDE_IN_FRAMEWORK_HEADER = YES;
				CLANG_WARN_RANGE_LOOP_ANALYSIS = YES;
				CLANG_WARN_STRICT_PROTOTYPES = YES;
				CLANG_WARN_SUSPICIOUS_MOVE = YES;
				CLANG_WARN_UNGUARDED_AVAILABILITY = YES_AGGRESSIVE;
				CLANG_WARN_UNREACHABLE_CODE = YES;
				CLANG_WARN__DUPLICATE_METHOD_MATCH = YES;
				COPY_PHASE_STRIP = NO;
				DEBUG_INFORMATION_FORMAT = dwarf;
				ENABLE_STRICT_OBJC_MSGSEND = YES;
				ENABLE_TESTABILITY = YES;
				GCC_C_LANGUAGE_STANDARD = gnu11;
				GCC_DYNAMIC_NO_PIC = NO;
				GCC_NO_COMMON_BLOCKS = YES;
				GCC_OPTIMIZATION_LEVEL = 0;
				GCC_PREPROCESSOR_DEFINITIONS = (
					"DEBUG=1",
					"$(inherited)",
				);
				GCC_WARN_64_TO_32_BIT_CONVERSION = YES;
				GCC_WARN_ABOUT_RETURN_TYPE = YES_ERROR;
				GCC_WARN_UNDECLARED_SELECTOR = YES;
				GCC_WARN_UNINITIALIZED_AUTOS = YES_AGGRESSIVE;
				GCC_WARN_UNUSED_FUNCTION = YES;
				GCC_WARN_UNUSED_VARIABLE = YES;
				IPHONEOS_DEPLOYMENT_TARGET = 16.1;
				MTL_ENABLE_DEBUG_INFO = INCLUDE_SOURCE;
				MTL_FAST_MATH = YES;
				ONLY_ACTIVE_ARCH = YES;
				SDKROOT = iphoneos;
				SWIFT_ACTIVE_COMPILATION_CONDITIONS = DEBUG;
				SWIFT_OPTIMIZATION_LEVEL = "-Onone";
			};
			name = Debug;
		};
		17D4BCA329BDC76F00C97F9C /* Release */ = {
			isa = XCBuildConfiguration;
			buildSettings = {
				ALWAYS_SEARCH_USER_PATHS = NO;
				CLANG_ANALYZER_NONNULL = YES;
				CLANG_ANALYZER_NUMBER_OBJECT_CONVERSION = YES_AGGRESSIVE;
				CLANG_CXX_LANGUAGE_STANDARD = "gnu++20";
				CLANG_ENABLE_MODULES = YES;
				CLANG_ENABLE_OBJC_ARC = YES;
				CLANG_ENABLE_OBJC_WEAK = YES;
				CLANG_WARN_BLOCK_CAPTURE_AUTORELEASING = YES;
				CLANG_WARN_BOOL_CONVERSION = YES;
				CLANG_WARN_COMMA = YES;
				CLANG_WARN_CONSTANT_CONVERSION = YES;
				CLANG_WARN_DEPRECATED_OBJC_IMPLEMENTATIONS = YES;
				CLANG_WARN_DIRECT_OBJC_ISA_USAGE = YES_ERROR;
				CLANG_WARN_DOCUMENTATION_COMMENTS = YES;
				CLANG_WARN_EMPTY_BODY = YES;
				CLANG_WARN_ENUM_CONVERSION = YES;
				CLANG_WARN_INFINITE_RECURSION = YES;
				CLANG_WARN_INT_CONVERSION = YES;
				CLANG_WARN_NON_LITERAL_NULL_CONVERSION = YES;
				CLANG_WARN_OBJC_IMPLICIT_RETAIN_SELF = YES;
				CLANG_WARN_OBJC_LITERAL_CONVERSION = YES;
				CLANG_WARN_OBJC_ROOT_CLASS = YES_ERROR;
				CLANG_WARN_QUOTED_INCLUDE_IN_FRAMEWORK_HEADER = YES;
				CLANG_WARN_RANGE_LOOP_ANALYSIS = YES;
				CLANG_WARN_STRICT_PROTOTYPES = YES;
				CLANG_WARN_SUSPICIOUS_MOVE = YES;
				CLANG_WARN_UNGUARDED_AVAILABILITY = YES_AGGRESSIVE;
				CLANG_WARN_UNREACHABLE_CODE = YES;
				CLANG_WARN__DUPLICATE_METHOD_MATCH = YES;
				COPY_PHASE_STRIP = NO;
				DEBUG_INFORMATION_FORMAT = "dwarf-with-dsym";
				ENABLE_NS_ASSERTIONS = NO;
				ENABLE_STRICT_OBJC_MSGSEND = YES;
				GCC_C_LANGUAGE_STANDARD = gnu11;
				GCC_NO_COMMON_BLOCKS = YES;
				GCC_WARN_64_TO_32_BIT_CONVERSION = YES;
				GCC_WARN_ABOUT_RETURN_TYPE = YES_ERROR;
				GCC_WARN_UNDECLARED_SELECTOR = YES;
				GCC_WARN_UNINITIALIZED_AUTOS = YES_AGGRESSIVE;
				GCC_WARN_UNUSED_FUNCTION = YES;
				GCC_WARN_UNUSED_VARIABLE = YES;
				IPHONEOS_DEPLOYMENT_TARGET = 16.1;
				MTL_ENABLE_DEBUG_INFO = NO;
				MTL_FAST_MATH = YES;
				SDKROOT = iphoneos;
				SWIFT_COMPILATION_MODE = wholemodule;
				SWIFT_OPTIMIZATION_LEVEL = "-O";
				VALIDATE_PRODUCT = YES;
			};
			name = Release;
		};
		17D4BCA529BDC76F00C97F9C /* Debug */ = {
			isa = XCBuildConfiguration;
			buildSettings = {
				ASSETCATALOG_COMPILER_APPICON_NAME = AppIcon;
				ASSETCATALOG_COMPILER_GLOBAL_ACCENT_COLOR_NAME = AccentColor;
				CODE_SIGN_STYLE = Automatic;
				CURRENT_PROJECT_VERSION = 1;
				DEVELOPMENT_ASSET_PATHS = "\"SwiftUIMilestone10-12/Preview Content\"";
				DEVELOPMENT_TEAM = LA9F8MT28T;
				ENABLE_PREVIEWS = YES;
				GENERATE_INFOPLIST_FILE = YES;
				INFOPLIST_KEY_UIApplicationSceneManifest_Generation = YES;
				INFOPLIST_KEY_UIApplicationSupportsIndirectInputEvents = YES;
				INFOPLIST_KEY_UILaunchScreen_Generation = YES;
				INFOPLIST_KEY_UISupportedInterfaceOrientations_iPad = "UIInterfaceOrientationPortrait UIInterfaceOrientationPortraitUpsideDown UIInterfaceOrientationLandscapeLeft UIInterfaceOrientationLandscapeRight";
				INFOPLIST_KEY_UISupportedInterfaceOrientations_iPhone = "UIInterfaceOrientationPortrait UIInterfaceOrientationLandscapeLeft UIInterfaceOrientationLandscapeRight";
				LD_RUNPATH_SEARCH_PATHS = (
					"$(inherited)",
					"@executable_path/Frameworks",
				);
				MARKETING_VERSION = 1.0;
				PRODUCT_BUNDLE_IDENTIFIER = "com.karen.SwiftUIMilestone10-12";
				PRODUCT_NAME = "$(TARGET_NAME)";
				SWIFT_EMIT_LOC_STRINGS = YES;
				SWIFT_VERSION = 5.0;
				TARGETED_DEVICE_FAMILY = "1,2";
			};
			name = Debug;
		};
		17D4BCA629BDC76F00C97F9C /* Release */ = {
			isa = XCBuildConfiguration;
			buildSettings = {
				ASSETCATALOG_COMPILER_APPICON_NAME = AppIcon;
				ASSETCATALOG_COMPILER_GLOBAL_ACCENT_COLOR_NAME = AccentColor;
				CODE_SIGN_STYLE = Automatic;
				CURRENT_PROJECT_VERSION = 1;
				DEVELOPMENT_ASSET_PATHS = "\"SwiftUIMilestone10-12/Preview Content\"";
				DEVELOPMENT_TEAM = LA9F8MT28T;
				ENABLE_PREVIEWS = YES;
				GENERATE_INFOPLIST_FILE = YES;
				INFOPLIST_KEY_UIApplicationSceneManifest_Generation = YES;
				INFOPLIST_KEY_UIApplicationSupportsIndirectInputEvents = YES;
				INFOPLIST_KEY_UILaunchScreen_Generation = YES;
				INFOPLIST_KEY_UISupportedInterfaceOrientations_iPad = "UIInterfaceOrientationPortrait UIInterfaceOrientationPortraitUpsideDown UIInterfaceOrientationLandscapeLeft UIInterfaceOrientationLandscapeRight";
				INFOPLIST_KEY_UISupportedInterfaceOrientations_iPhone = "UIInterfaceOrientationPortrait UIInterfaceOrientationLandscapeLeft UIInterfaceOrientationLandscapeRight";
				LD_RUNPATH_SEARCH_PATHS = (
					"$(inherited)",
					"@executable_path/Frameworks",
				);
				MARKETING_VERSION = 1.0;
				PRODUCT_BUNDLE_IDENTIFIER = "com.karen.SwiftUIMilestone10-12";
				PRODUCT_NAME = "$(TARGET_NAME)";
				SWIFT_EMIT_LOC_STRINGS = YES;
				SWIFT_VERSION = 5.0;
				TARGETED_DEVICE_FAMILY = "1,2";
			};
			name = Release;
		};
/* End XCBuildConfiguration section */

/* Begin XCConfigurationList section */
		17D4BC9129BDC76E00C97F9C /* Build configuration list for PBXProject "SwiftUIMilestone10-12" */ = {
			isa = XCConfigurationList;
			buildConfigurations = (
				17D4BCA229BDC76F00C97F9C /* Debug */,
				17D4BCA329BDC76F00C97F9C /* Release */,
			);
			defaultConfigurationIsVisible = 0;
			defaultConfigurationName = Release;
		};
		17D4BCA429BDC76F00C97F9C /* Build configuration list for PBXNativeTarget "SwiftUIMilestone10-12" */ = {
			isa = XCConfigurationList;
			buildConfigurations = (
				17D4BCA529BDC76F00C97F9C /* Debug */,
				17D4BCA629BDC76F00C97F9C /* Release */,
			);
			defaultConfigurationIsVisible = 0;
			defaultConfigurationName = Release;
		};
/* End XCConfigurationList section */

/* Begin XCVersionGroup section */
		17D4BCB529BF3FC100C97F9C /* CoreDataMilestone10-12.xcdatamodeld */ = {
			isa = XCVersionGroup;
			children = (
				17D4BCB629BF3FC100C97F9C /* CoreDataMilestone10-12.xcdatamodel */,
			);
			currentVersion = 17D4BCB629BF3FC100C97F9C /* CoreDataMilestone10-12.xcdatamodel */;
			path = "CoreDataMilestone10-12.xcdatamodeld";
			sourceTree = "<group>";
			versionGroupType = wrapper.xcdatamodel;
		};
/* End XCVersionGroup section */
	};
	rootObject = 17D4BC8E29BDC76E00C97F9C /* Project object */;
}
